// !$*UTF8*$!
{
	archiveVersion = 1;
	classes = {
	};
	objectVersion = 46;
	objects = {

/* Begin PBXBuildFile section */
		4005172E1C3A5FBB00FBFE11 /* PRDataProvider.m in Sources */ = {isa = PBXBuildFile; fileRef = 4005172D1C3A5FBB00FBFE11 /* PRDataProvider.m */; };
		400517331C3A981000FBFE11 /* PRRemoteError.m in Sources */ = {isa = PBXBuildFile; fileRef = 400517321C3A981000FBFE11 /* PRRemoteError.m */; };
		400517381C3ABFCB00FBFE11 /* PRRemoteLoginResponse.m in Sources */ = {isa = PBXBuildFile; fileRef = 400517371C3ABFCB00FBFE11 /* PRRemoteLoginResponse.m */; };
		4005173C1C3ACAA100FBFE11 /* PRRemoteResetPasswordRequest.m in Sources */ = {isa = PBXBuildFile; fileRef = 4005173B1C3ACAA100FBFE11 /* PRRemoteResetPasswordRequest.m */; };
		400517401C3BAD8000FBFE11 /* PRTokenValidationResponse.m in Sources */ = {isa = PBXBuildFile; fileRef = 4005173F1C3BAD8000FBFE11 /* PRTokenValidationResponse.m */; };
		400517431C3BE70200FBFE11 /* PRLaunchScreenViewController.m in Sources */ = {isa = PBXBuildFile; fileRef = 400517421C3BE70200FBFE11 /* PRLaunchScreenViewController.m */; };
		400517461C3C171B00FBFE11 /* PRErrorDescriptor.m in Sources */ = {isa = PBXBuildFile; fileRef = 400517451C3C171B00FBFE11 /* PRErrorDescriptor.m */; };
		400517491C3C19A900FBFE11 /* PRAlertHelper.m in Sources */ = {isa = PBXBuildFile; fileRef = 400517481C3C19A900FBFE11 /* PRAlertHelper.m */; };
		401B5DE81C7491E500ADCA9C /* UploadTask+CoreDataProperties.m in Sources */ = {isa = PBXBuildFile; fileRef = 401B5DE51C7491E500ADCA9C /* UploadTask+CoreDataProperties.m */; };
		401B5DE91C7491E500ADCA9C /* UploadTask.m in Sources */ = {isa = PBXBuildFile; fileRef = 401B5DE71C7491E500ADCA9C /* UploadTask.m */; };
		404D33111C4E8CCB00C4735E /* PRRemotePointer.m in Sources */ = {isa = PBXBuildFile; fileRef = 404D33101C4E8CCB00C4735E /* PRRemotePointer.m */; };
		404D33141C4E901D00C4735E /* PRRemoteQuery.m in Sources */ = {isa = PBXBuildFile; fileRef = 404D33131C4E901D00C4735E /* PRRemoteQuery.m */; };
		404D33181C4F806400C4735E /* PRRemoteBatchRequestObject.m in Sources */ = {isa = PBXBuildFile; fileRef = 404D33171C4F806400C4735E /* PRRemoteBatchRequestObject.m */; };
		404D331C1C4FAC0200C4735E /* PRLocalCategory.m in Sources */ = {isa = PBXBuildFile; fileRef = 404D331B1C4FAC0200C4735E /* PRLocalCategory.m */; };
		404D33211C4FB74E00C4735E /* PRMenuViewController.m in Sources */ = {isa = PBXBuildFile; fileRef = 404D33201C4FB74E00C4735E /* PRMenuViewController.m */; };
		404D33261C4FBA9300C4735E /* PRMenuViewInteractor.m in Sources */ = {isa = PBXBuildFile; fileRef = 404D33251C4FBA9300C4735E /* PRMenuViewInteractor.m */; };
		404D332F1C50C8A200C4735E /* PRMenuCategoryCell.m in Sources */ = {isa = PBXBuildFile; fileRef = 404D332E1C50C8A200C4735E /* PRMenuCategoryCell.m */; };
		404D33321C50C8E100C4735E /* PRMenuLocationCell.m in Sources */ = {isa = PBXBuildFile; fileRef = 404D33311C50C8E100C4735E /* PRMenuLocationCell.m */; };
		404D33361C51266600C4735E /* PRRemoteGeoPoint.m in Sources */ = {isa = PBXBuildFile; fileRef = 404D33351C51266600C4735E /* PRRemoteGeoPoint.m */; };
		404D333A1C5129E800C4735E /* PRLocalGeoPoint.m in Sources */ = {isa = PBXBuildFile; fileRef = 404D33391C5129E800C4735E /* PRLocalGeoPoint.m */; };
		404D333E1C5135AE00C4735E /* PRMapViewController.m in Sources */ = {isa = PBXBuildFile; fileRef = 404D333D1C5135AE00C4735E /* PRMapViewController.m */; };
		404D33421C51361400C4735E /* PRMapViewInteractor.m in Sources */ = {isa = PBXBuildFile; fileRef = 404D33411C51361400C4735E /* PRMapViewInteractor.m */; };
		404D33451C51439E00C4735E /* MapKit.framework in Frameworks */ = {isa = PBXBuildFile; fileRef = 404D33441C51439D00C4735E /* MapKit.framework */; };
		404D33481C5222C900C4735E /* PRMapAnnotation.m in Sources */ = {isa = PBXBuildFile; fileRef = 404D33471C5222C900C4735E /* PRMapAnnotation.m */; };
		404D334C1C52843200C4735E /* PRRemoteArray.m in Sources */ = {isa = PBXBuildFile; fileRef = 404D334B1C52843200C4735E /* PRRemoteArray.m */; };
		404D334F1C539EF500C4735E /* PRLocationManager.m in Sources */ = {isa = PBXBuildFile; fileRef = 404D334E1C539EF500C4735E /* PRLocationManager.m */; };
		40646F0C1C64BE7B00EBA618 /* PRSocialHelper.m in Sources */ = {isa = PBXBuildFile; fileRef = 40646F0B1C64BE7B00EBA618 /* PRSocialHelper.m */; };
		4073DFC51C5612C400D46C8E /* PRRemotePublishedArticle.m in Sources */ = {isa = PBXBuildFile; fileRef = 4073DFC41C5612C400D46C8E /* PRRemotePublishedArticle.m */; };
		4073DFC91C56135500D46C8E /* PRRemoteMedia.m in Sources */ = {isa = PBXBuildFile; fileRef = 4073DFC81C56135500D46C8E /* PRRemoteMedia.m */; };
		4073DFCD1C5640BB00D46C8E /* PRCreationViewController.m in Sources */ = {isa = PBXBuildFile; fileRef = 4073DFCC1C5640BB00D46C8E /* PRCreationViewController.m */; };
		4073DFD11C56410500D46C8E /* PRDetailsViewController.m in Sources */ = {isa = PBXBuildFile; fileRef = 4073DFD01C56410500D46C8E /* PRDetailsViewController.m */; };
		4073DFD71C5642E400D46C8E /* PRCreationViewInteractor.m in Sources */ = {isa = PBXBuildFile; fileRef = 4073DFD61C5642E400D46C8E /* PRCreationViewInteractor.m */; };
		4073DFDD1C5643CA00D46C8E /* PRDetailsViewInteractor.m in Sources */ = {isa = PBXBuildFile; fileRef = 4073DFDC1C5643CA00D46C8E /* PRDetailsViewInteractor.m */; };
		4073DFE01C566C5B00D46C8E /* PRCreationCollectionViewCell.m in Sources */ = {isa = PBXBuildFile; fileRef = 4073DFDF1C566C5B00D46C8E /* PRCreationCollectionViewCell.m */; };
		407B1C511C46A1A70071A123 /* PRRemoteResults.m in Sources */ = {isa = PBXBuildFile; fileRef = 407B1C501C46A1A70071A123 /* PRRemoteResults.m */; };
		4081B5B11C5B62B30023383E /* PRImagePresenter.m in Sources */ = {isa = PBXBuildFile; fileRef = 4081B5AF1C5B62B30023383E /* PRImagePresenter.m */; };
		4081B5B21C5B62B30023383E /* PRImagePresenter.xib in Resources */ = {isa = PBXBuildFile; fileRef = 4081B5B01C5B62B30023383E /* PRImagePresenter.xib */; };
		4081B5B51C5B93590023383E /* PRDetailsCollectionViewCell.m in Sources */ = {isa = PBXBuildFile; fileRef = 4081B5B41C5B93590023383E /* PRDetailsCollectionViewCell.m */; };
		4081B5B91C5BB55A0023383E /* PRDataModel.xcdatamodeld in Sources */ = {isa = PBXBuildFile; fileRef = 4081B5B71C5BB55A0023383E /* PRDataModel.xcdatamodeld */; };
		4081B5E21C5BC89D0023383E /* PRLocalDataStore.m in Sources */ = {isa = PBXBuildFile; fileRef = 4081B5E11C5BC89D0023383E /* PRLocalDataStore.m */; };
		40BD1F061C2C16F500828FD1 /* PRLockActivity.m in Sources */ = {isa = PBXBuildFile; fileRef = 40BD1F051C2C16F500828FD1 /* PRLockActivity.m */; };
		40BD1F0A1C2C1FB200828FD1 /* PRLockActivity.xib in Resources */ = {isa = PBXBuildFile; fileRef = 40BD1F091C2C1FB200828FD1 /* PRLockActivity.xib */; };
		40BD1F101C2C332500828FD1 /* PRRootLoginViewController.m in Sources */ = {isa = PBXBuildFile; fileRef = 40BD1F0F1C2C332500828FD1 /* PRRootLoginViewController.m */; };
		40C161DC1C44E8DA00E1E6F5 /* PRContentViewController.m in Sources */ = {isa = PBXBuildFile; fileRef = 40C161DB1C44E8DA00E1E6F5 /* PRContentViewController.m */; };
		40C161E21C451D3600E1E6F5 /* PRContentViewInteractor.m in Sources */ = {isa = PBXBuildFile; fileRef = 40C161E11C451D3600E1E6F5 /* PRContentViewInteractor.m */; };
		40C161E61C45293200E1E6F5 /* PRRemoteCategory.m in Sources */ = {isa = PBXBuildFile; fileRef = 40C161E51C45293200E1E6F5 /* PRRemoteCategory.m */; };
		40C630E81C7363E8003E2A20 /* PRRootInteractor.m in Sources */ = {isa = PBXBuildFile; fileRef = 40C630E71C7363E8003E2A20 /* PRRootInteractor.m */; };
		40C630EB1C748E38003E2A20 /* PRUploadImageManager.m in Sources */ = {isa = PBXBuildFile; fileRef = 40C630EA1C748E38003E2A20 /* PRUploadImageManager.m */; };
		40CFE88B1C5688D20065017C /* PRActionSheetPickerView.xib in Resources */ = {isa = PBXBuildFile; fileRef = 40CFE88A1C5688D20065017C /* PRActionSheetPickerView.xib */; };
		40CFE88E1C5688F70065017C /* PRActionSheetPickerView.m in Sources */ = {isa = PBXBuildFile; fileRef = 40CFE88D1C5688F70065017C /* PRActionSheetPickerView.m */; };
		40CFE8911C5763110065017C /* PRPickerViewPresenter.m in Sources */ = {isa = PBXBuildFile; fileRef = 40CFE8901C5763110065017C /* PRPickerViewPresenter.m */; };
		40CFE8941C57A5620065017C /* PRThumbnailMaker.m in Sources */ = {isa = PBXBuildFile; fileRef = 40CFE8931C57A5620065017C /* PRThumbnailMaker.m */; };
		40CFE8981C57B1D00065017C /* PRLocalNewArticle.m in Sources */ = {isa = PBXBuildFile; fileRef = 40CFE8971C57B1D00065017C /* PRLocalNewArticle.m */; };
		40CFE89B1C57B9930065017C /* PRRemoteUploadFileResponse.m in Sources */ = {isa = PBXBuildFile; fileRef = 40CFE89A1C57B9930065017C /* PRRemoteUploadFileResponse.m */; };
		40CFE89E1C57CE280065017C /* PRUploadMediaOperation.m in Sources */ = {isa = PBXBuildFile; fileRef = 40CFE89D1C57CE280065017C /* PRUploadMediaOperation.m */; };
		40DFE1451C623AF900334C45 /* InterestCategory+CoreDataProperties.m in Sources */ = {isa = PBXBuildFile; fileRef = 40DFE1421C623AF900334C45 /* InterestCategory+CoreDataProperties.m */; };
		40DFE1461C623AF900334C45 /* InterestCategory.m in Sources */ = {isa = PBXBuildFile; fileRef = 40DFE1441C623AF900334C45 /* InterestCategory.m */; };
		40E1CBB91C5F4989002EFF72 /* User+CoreDataProperties.m in Sources */ = {isa = PBXBuildFile; fileRef = 40E1CBA81C5F4989002EFF72 /* User+CoreDataProperties.m */; };
		40E1CBBA1C5F4989002EFF72 /* User.m in Sources */ = {isa = PBXBuildFile; fileRef = 40E1CBAA1C5F4989002EFF72 /* User.m */; };
		40E1CBBB1C5F4989002EFF72 /* Article+CoreDataProperties.m in Sources */ = {isa = PBXBuildFile; fileRef = 40E1CBAC1C5F4989002EFF72 /* Article+CoreDataProperties.m */; };
		40E1CBBC1C5F4989002EFF72 /* Article.m in Sources */ = {isa = PBXBuildFile; fileRef = 40E1CBAE1C5F4989002EFF72 /* Article.m */; };
		40E1CBBD1C5F4989002EFF72 /* GeoPoint+CoreDataProperties.m in Sources */ = {isa = PBXBuildFile; fileRef = 40E1CBB01C5F4989002EFF72 /* GeoPoint+CoreDataProperties.m */; };
		40E1CBBE1C5F4989002EFF72 /* GeoPoint.m in Sources */ = {isa = PBXBuildFile; fileRef = 40E1CBB21C5F4989002EFF72 /* GeoPoint.m */; };
		40E1CBC51C5F4D4C002EFF72 /* Media+CoreDataProperties.m in Sources */ = {isa = PBXBuildFile; fileRef = 40E1CBC21C5F4D4C002EFF72 /* Media+CoreDataProperties.m */; };
		40E1CBC61C5F4D4C002EFF72 /* Media.m in Sources */ = {isa = PBXBuildFile; fileRef = 40E1CBC41C5F4D4C002EFF72 /* Media.m */; };
		40E233531C60DECF00DC605A /* PRArticleCollection.m in Sources */ = {isa = PBXBuildFile; fileRef = 40E233521C60DECF00DC605A /* PRArticleCollection.m */; };
		40E3D5E91C6A33930070CE84 /* PRLocalDataStoreManager.m in Sources */ = {isa = PBXBuildFile; fileRef = 40E3D5E81C6A33930070CE84 /* PRLocalDataStoreManager.m */; };
		40E6B9C01C297EAA0083A449 /* main.m in Sources */ = {isa = PBXBuildFile; fileRef = 40E6B9BF1C297EAA0083A449 /* main.m */; };
		40E6B9C31C297EAA0083A449 /* AppDelegate.m in Sources */ = {isa = PBXBuildFile; fileRef = 40E6B9C21C297EAA0083A449 /* AppDelegate.m */; };
		40E6B9C91C297EAA0083A449 /* Main.storyboard in Resources */ = {isa = PBXBuildFile; fileRef = 40E6B9C71C297EAA0083A449 /* Main.storyboard */; };
		40E6B9CB1C297EAA0083A449 /* Assets.xcassets in Resources */ = {isa = PBXBuildFile; fileRef = 40E6B9CA1C297EAA0083A449 /* Assets.xcassets */; };
		40E6B9D81C2981610083A449 /* PRRootViewController.m in Sources */ = {isa = PBXBuildFile; fileRef = 40E6B9D71C2981610083A449 /* PRRootViewController.m */; };
		40E6B9DF1C2995760083A449 /* PRLoginViewController.m in Sources */ = {isa = PBXBuildFile; fileRef = 40E6B9DE1C2995760083A449 /* PRLoginViewController.m */; };
		40E6B9E21C2995DF0083A449 /* PRRestoreAccountViewController.m in Sources */ = {isa = PBXBuildFile; fileRef = 40E6B9E11C2995DF0083A449 /* PRRestoreAccountViewController.m */; };
		40E6B9E51C29964C0083A449 /* PRRegistrationViewController.m in Sources */ = {isa = PBXBuildFile; fileRef = 40E6B9E41C29964C0083A449 /* PRRegistrationViewController.m */; };
		40F65D991C33C6C900846449 /* PREmailValidator.m in Sources */ = {isa = PBXBuildFile; fileRef = 40F65D981C33C6C900846449 /* PREmailValidator.m */; };
		40F65D9C1C33CE0700846449 /* PRConfigurator.m in Sources */ = {isa = PBXBuildFile; fileRef = 40F65D9B1C33CE0700846449 /* PRConfigurator.m */; };
		40F65D9F1C33D6B200846449 /* PRLoginViewInteractor.m in Sources */ = {isa = PBXBuildFile; fileRef = 40F65D9E1C33D6B200846449 /* PRLoginViewInteractor.m */; };
		40F65DA21C33D6DC00846449 /* PRRegistrationViewInteractor.m in Sources */ = {isa = PBXBuildFile; fileRef = 40F65DA11C33D6DC00846449 /* PRRegistrationViewInteractor.m */; };
		40F65DA51C33D7B700846449 /* PRRestoreAccountInteractor.m in Sources */ = {isa = PBXBuildFile; fileRef = 40F65DA41C33D7B700846449 /* PRRestoreAccountInteractor.m */; };
		40F65DA91C33FB0400846449 /* PRNetworkDataProvider.m in Sources */ = {isa = PBXBuildFile; fileRef = 40F65DA81C33FB0400846449 /* PRNetworkDataProvider.m */; };
		40F65DAE1C3404B100846449 /* PRReachability.m in Sources */ = {isa = PBXBuildFile; fileRef = 40F65DAD1C3404B100846449 /* PRReachability.m */; };
		40F65DB61C3434E000846449 /* PRRemoteRegistrationRequest.m in Sources */ = {isa = PBXBuildFile; fileRef = 40F65DB51C3434E000846449 /* PRRemoteRegistrationRequest.m */; };
		40F65DB91C34353800846449 /* PRRemoteRegistrationResponse.m in Sources */ = {isa = PBXBuildFile; fileRef = 40F65DB81C34353800846449 /* PRRemoteRegistrationResponse.m */; };
		40FC3EAA1C59FACA00C528E9 /* PRRemoteArticle.m in Sources */ = {isa = PBXBuildFile; fileRef = 40FC3EA91C59FACA00C528E9 /* PRRemoteArticle.m */; };
		40FC3EAD1C5A04D400C528E9 /* PRLocalArticle.m in Sources */ = {isa = PBXBuildFile; fileRef = 40FC3EAC1C5A04D400C528E9 /* PRLocalArticle.m */; };
		40FC3EB11C5A17BB00C528E9 /* PRLocalMedia.m in Sources */ = {isa = PBXBuildFile; fileRef = 40FC3EB01C5A17BB00C528E9 /* PRLocalMedia.m */; };
		40FC3EB41C5A186F00C528E9 /* PRRemoteFile.m in Sources */ = {isa = PBXBuildFile; fileRef = 40FC3EB31C5A186F00C528E9 /* PRRemoteFile.m */; };
		40FC3EB71C5A495D00C528E9 /* PRContentViewCell.m in Sources */ = {isa = PBXBuildFile; fileRef = 40FC3EB61C5A495D00C528E9 /* PRContentViewCell.m */; };
		40FF1A081C4393D4005A14BE /* PRScreenLock.m in Sources */ = {isa = PBXBuildFile; fileRef = 40FF1A071C4393D4005A14BE /* PRScreenLock.m */; };
/* End PBXBuildFile section */

/* Begin PBXFileReference section */
		4005172C1C3A5FBB00FBFE11 /* PRDataProvider.h */ = {isa = PBXFileReference; fileEncoding = 4; lastKnownFileType = sourcecode.c.h; path = PRDataProvider.h; sourceTree = "<group>"; };
		4005172D1C3A5FBB00FBFE11 /* PRDataProvider.m */ = {isa = PBXFileReference; fileEncoding = 4; lastKnownFileType = sourcecode.c.objc; path = PRDataProvider.m; sourceTree = "<group>"; };
		400517311C3A981000FBFE11 /* PRRemoteError.h */ = {isa = PBXFileReference; fileEncoding = 4; lastKnownFileType = sourcecode.c.h; path = PRRemoteError.h; sourceTree = "<group>"; };
		400517321C3A981000FBFE11 /* PRRemoteError.m */ = {isa = PBXFileReference; fileEncoding = 4; lastKnownFileType = sourcecode.c.objc; path = PRRemoteError.m; sourceTree = "<group>"; };
		400517361C3ABFCB00FBFE11 /* PRRemoteLoginResponse.h */ = {isa = PBXFileReference; fileEncoding = 4; lastKnownFileType = sourcecode.c.h; path = PRRemoteLoginResponse.h; sourceTree = "<group>"; };
		400517371C3ABFCB00FBFE11 /* PRRemoteLoginResponse.m */ = {isa = PBXFileReference; fileEncoding = 4; lastKnownFileType = sourcecode.c.objc; path = PRRemoteLoginResponse.m; sourceTree = "<group>"; };
		4005173A1C3ACAA100FBFE11 /* PRRemoteResetPasswordRequest.h */ = {isa = PBXFileReference; fileEncoding = 4; lastKnownFileType = sourcecode.c.h; path = PRRemoteResetPasswordRequest.h; sourceTree = "<group>"; };
		4005173B1C3ACAA100FBFE11 /* PRRemoteResetPasswordRequest.m */ = {isa = PBXFileReference; fileEncoding = 4; lastKnownFileType = sourcecode.c.objc; path = PRRemoteResetPasswordRequest.m; sourceTree = "<group>"; };
		4005173E1C3BAD8000FBFE11 /* PRTokenValidationResponse.h */ = {isa = PBXFileReference; fileEncoding = 4; lastKnownFileType = sourcecode.c.h; path = PRTokenValidationResponse.h; sourceTree = "<group>"; };
		4005173F1C3BAD8000FBFE11 /* PRTokenValidationResponse.m */ = {isa = PBXFileReference; fileEncoding = 4; lastKnownFileType = sourcecode.c.objc; path = PRTokenValidationResponse.m; sourceTree = "<group>"; };
		400517411C3BE70200FBFE11 /* PRLaunchScreenViewController.h */ = {isa = PBXFileReference; fileEncoding = 4; lastKnownFileType = sourcecode.c.h; path = PRLaunchScreenViewController.h; sourceTree = "<group>"; };
		400517421C3BE70200FBFE11 /* PRLaunchScreenViewController.m */ = {isa = PBXFileReference; fileEncoding = 4; lastKnownFileType = sourcecode.c.objc; path = PRLaunchScreenViewController.m; sourceTree = "<group>"; };
		400517441C3C171B00FBFE11 /* PRErrorDescriptor.h */ = {isa = PBXFileReference; fileEncoding = 4; lastKnownFileType = sourcecode.c.h; path = PRErrorDescriptor.h; sourceTree = "<group>"; };
		400517451C3C171B00FBFE11 /* PRErrorDescriptor.m */ = {isa = PBXFileReference; fileEncoding = 4; lastKnownFileType = sourcecode.c.objc; path = PRErrorDescriptor.m; sourceTree = "<group>"; };
		400517471C3C19A900FBFE11 /* PRAlertHelper.h */ = {isa = PBXFileReference; fileEncoding = 4; lastKnownFileType = sourcecode.c.h; path = PRAlertHelper.h; sourceTree = "<group>"; };
		400517481C3C19A900FBFE11 /* PRAlertHelper.m */ = {isa = PBXFileReference; fileEncoding = 4; lastKnownFileType = sourcecode.c.objc; path = PRAlertHelper.m; sourceTree = "<group>"; };
		401B5DE41C7491E500ADCA9C /* UploadTask+CoreDataProperties.h */ = {isa = PBXFileReference; fileEncoding = 4; lastKnownFileType = sourcecode.c.h; name = "UploadTask+CoreDataProperties.h"; path = "../DataBase/UploadTask+CoreDataProperties.h"; sourceTree = "<group>"; };
		401B5DE51C7491E500ADCA9C /* UploadTask+CoreDataProperties.m */ = {isa = PBXFileReference; fileEncoding = 4; lastKnownFileType = sourcecode.c.objc; name = "UploadTask+CoreDataProperties.m"; path = "../DataBase/UploadTask+CoreDataProperties.m"; sourceTree = "<group>"; };
		401B5DE61C7491E500ADCA9C /* UploadTask.h */ = {isa = PBXFileReference; fileEncoding = 4; lastKnownFileType = sourcecode.c.h; name = UploadTask.h; path = ../DataBase/UploadTask.h; sourceTree = "<group>"; };
		401B5DE71C7491E500ADCA9C /* UploadTask.m */ = {isa = PBXFileReference; fileEncoding = 4; lastKnownFileType = sourcecode.c.objc; name = UploadTask.m; path = ../DataBase/UploadTask.m; sourceTree = "<group>"; };
		404D330F1C4E8CCB00C4735E /* PRRemotePointer.h */ = {isa = PBXFileReference; fileEncoding = 4; lastKnownFileType = sourcecode.c.h; path = PRRemotePointer.h; sourceTree = "<group>"; };
		404D33101C4E8CCB00C4735E /* PRRemotePointer.m */ = {isa = PBXFileReference; fileEncoding = 4; lastKnownFileType = sourcecode.c.objc; path = PRRemotePointer.m; sourceTree = "<group>"; };
		404D33121C4E901D00C4735E /* PRRemoteQuery.h */ = {isa = PBXFileReference; fileEncoding = 4; lastKnownFileType = sourcecode.c.h; path = PRRemoteQuery.h; sourceTree = "<group>"; };
		404D33131C4E901D00C4735E /* PRRemoteQuery.m */ = {isa = PBXFileReference; fileEncoding = 4; lastKnownFileType = sourcecode.c.objc; path = PRRemoteQuery.m; sourceTree = "<group>"; };
		404D33161C4F806400C4735E /* PRRemoteBatchRequestObject.h */ = {isa = PBXFileReference; fileEncoding = 4; lastKnownFileType = sourcecode.c.h; path = PRRemoteBatchRequestObject.h; sourceTree = "<group>"; };
		404D33171C4F806400C4735E /* PRRemoteBatchRequestObject.m */ = {isa = PBXFileReference; fileEncoding = 4; lastKnownFileType = sourcecode.c.objc; path = PRRemoteBatchRequestObject.m; sourceTree = "<group>"; };
		404D331A1C4FAC0200C4735E /* PRLocalCategory.h */ = {isa = PBXFileReference; fileEncoding = 4; lastKnownFileType = sourcecode.c.h; path = PRLocalCategory.h; sourceTree = "<group>"; };
		404D331B1C4FAC0200C4735E /* PRLocalCategory.m */ = {isa = PBXFileReference; fileEncoding = 4; lastKnownFileType = sourcecode.c.objc; path = PRLocalCategory.m; sourceTree = "<group>"; };
		404D331F1C4FB74E00C4735E /* PRMenuViewController.h */ = {isa = PBXFileReference; fileEncoding = 4; lastKnownFileType = sourcecode.c.h; path = PRMenuViewController.h; sourceTree = "<group>"; };
		404D33201C4FB74E00C4735E /* PRMenuViewController.m */ = {isa = PBXFileReference; fileEncoding = 4; lastKnownFileType = sourcecode.c.objc; path = PRMenuViewController.m; sourceTree = "<group>"; };
		404D33231C4FBA4500C4735E /* PRMenuViewInteractorProtocol.h */ = {isa = PBXFileReference; lastKnownFileType = sourcecode.c.h; path = PRMenuViewInteractorProtocol.h; sourceTree = "<group>"; };
		404D33241C4FBA9300C4735E /* PRMenuViewInteractor.h */ = {isa = PBXFileReference; fileEncoding = 4; lastKnownFileType = sourcecode.c.h; path = PRMenuViewInteractor.h; sourceTree = "<group>"; };
		404D33251C4FBA9300C4735E /* PRMenuViewInteractor.m */ = {isa = PBXFileReference; fileEncoding = 4; lastKnownFileType = sourcecode.c.objc; path = PRMenuViewInteractor.m; sourceTree = "<group>"; };
		404D33281C4FBBC400C4735E /* PRContentViewDelegateProtocol.h */ = {isa = PBXFileReference; lastKnownFileType = sourcecode.c.h; path = PRContentViewDelegateProtocol.h; sourceTree = "<group>"; };
		404D33291C4FBC0C00C4735E /* PRMenuInteractorDelegateProtocol.h */ = {isa = PBXFileReference; lastKnownFileType = sourcecode.c.h; path = PRMenuInteractorDelegateProtocol.h; sourceTree = "<group>"; };
		404D332D1C50C8A200C4735E /* PRMenuCategoryCell.h */ = {isa = PBXFileReference; fileEncoding = 4; lastKnownFileType = sourcecode.c.h; path = PRMenuCategoryCell.h; sourceTree = "<group>"; };
		404D332E1C50C8A200C4735E /* PRMenuCategoryCell.m */ = {isa = PBXFileReference; fileEncoding = 4; lastKnownFileType = sourcecode.c.objc; path = PRMenuCategoryCell.m; sourceTree = "<group>"; };
		404D33301C50C8E100C4735E /* PRMenuLocationCell.h */ = {isa = PBXFileReference; fileEncoding = 4; lastKnownFileType = sourcecode.c.h; path = PRMenuLocationCell.h; sourceTree = "<group>"; };
		404D33311C50C8E100C4735E /* PRMenuLocationCell.m */ = {isa = PBXFileReference; fileEncoding = 4; lastKnownFileType = sourcecode.c.objc; path = PRMenuLocationCell.m; sourceTree = "<group>"; };
		404D33341C51266600C4735E /* PRRemoteGeoPoint.h */ = {isa = PBXFileReference; fileEncoding = 4; lastKnownFileType = sourcecode.c.h; path = PRRemoteGeoPoint.h; sourceTree = "<group>"; };
		404D33351C51266600C4735E /* PRRemoteGeoPoint.m */ = {isa = PBXFileReference; fileEncoding = 4; lastKnownFileType = sourcecode.c.objc; path = PRRemoteGeoPoint.m; sourceTree = "<group>"; };
		404D33381C5129E800C4735E /* PRLocalGeoPoint.h */ = {isa = PBXFileReference; fileEncoding = 4; lastKnownFileType = sourcecode.c.h; path = PRLocalGeoPoint.h; sourceTree = "<group>"; };
		404D33391C5129E800C4735E /* PRLocalGeoPoint.m */ = {isa = PBXFileReference; fileEncoding = 4; lastKnownFileType = sourcecode.c.objc; path = PRLocalGeoPoint.m; sourceTree = "<group>"; };
		404D333C1C5135AE00C4735E /* PRMapViewController.h */ = {isa = PBXFileReference; fileEncoding = 4; lastKnownFileType = sourcecode.c.h; path = PRMapViewController.h; sourceTree = "<group>"; };
		404D333D1C5135AE00C4735E /* PRMapViewController.m */ = {isa = PBXFileReference; fileEncoding = 4; lastKnownFileType = sourcecode.c.objc; path = PRMapViewController.m; sourceTree = "<group>"; };
		404D33401C51361400C4735E /* PRMapViewInteractor.h */ = {isa = PBXFileReference; fileEncoding = 4; lastKnownFileType = sourcecode.c.h; path = PRMapViewInteractor.h; sourceTree = "<group>"; };
		404D33411C51361400C4735E /* PRMapViewInteractor.m */ = {isa = PBXFileReference; fileEncoding = 4; lastKnownFileType = sourcecode.c.objc; path = PRMapViewInteractor.m; sourceTree = "<group>"; };
		404D33431C51363A00C4735E /* PRMapViewInteractorProtocol.h */ = {isa = PBXFileReference; lastKnownFileType = sourcecode.c.h; path = PRMapViewInteractorProtocol.h; sourceTree = "<group>"; };
		404D33441C51439D00C4735E /* MapKit.framework */ = {isa = PBXFileReference; lastKnownFileType = wrapper.framework; name = MapKit.framework; path = System/Library/Frameworks/MapKit.framework; sourceTree = SDKROOT; };
		404D33461C5222C900C4735E /* PRMapAnnotation.h */ = {isa = PBXFileReference; fileEncoding = 4; lastKnownFileType = sourcecode.c.h; path = PRMapAnnotation.h; sourceTree = "<group>"; };
		404D33471C5222C900C4735E /* PRMapAnnotation.m */ = {isa = PBXFileReference; fileEncoding = 4; lastKnownFileType = sourcecode.c.objc; path = PRMapAnnotation.m; sourceTree = "<group>"; };
		404D33491C52619C00C4735E /* PRMapInteractorDelegate.h */ = {isa = PBXFileReference; lastKnownFileType = sourcecode.c.h; path = PRMapInteractorDelegate.h; sourceTree = "<group>"; };
		404D334A1C52843200C4735E /* PRRemoteArray.h */ = {isa = PBXFileReference; fileEncoding = 4; lastKnownFileType = sourcecode.c.h; path = PRRemoteArray.h; sourceTree = "<group>"; };
		404D334B1C52843200C4735E /* PRRemoteArray.m */ = {isa = PBXFileReference; fileEncoding = 4; lastKnownFileType = sourcecode.c.objc; path = PRRemoteArray.m; sourceTree = "<group>"; };
		404D334D1C539EF500C4735E /* PRLocationManager.h */ = {isa = PBXFileReference; fileEncoding = 4; lastKnownFileType = sourcecode.c.h; path = PRLocationManager.h; sourceTree = "<group>"; };
		404D334E1C539EF500C4735E /* PRLocationManager.m */ = {isa = PBXFileReference; fileEncoding = 4; lastKnownFileType = sourcecode.c.objc; path = PRLocationManager.m; sourceTree = "<group>"; };
		40646F0A1C64BE7B00EBA618 /* PRSocialHelper.h */ = {isa = PBXFileReference; fileEncoding = 4; lastKnownFileType = sourcecode.c.h; path = PRSocialHelper.h; sourceTree = "<group>"; };
		40646F0B1C64BE7B00EBA618 /* PRSocialHelper.m */ = {isa = PBXFileReference; fileEncoding = 4; lastKnownFileType = sourcecode.c.objc; path = PRSocialHelper.m; sourceTree = "<group>"; };
		4073DFC31C5612C400D46C8E /* PRRemotePublishedArticle.h */ = {isa = PBXFileReference; fileEncoding = 4; lastKnownFileType = sourcecode.c.h; path = PRRemotePublishedArticle.h; sourceTree = "<group>"; };
		4073DFC41C5612C400D46C8E /* PRRemotePublishedArticle.m */ = {isa = PBXFileReference; fileEncoding = 4; lastKnownFileType = sourcecode.c.objc; path = PRRemotePublishedArticle.m; sourceTree = "<group>"; };
		4073DFC71C56135500D46C8E /* PRRemoteMedia.h */ = {isa = PBXFileReference; fileEncoding = 4; lastKnownFileType = sourcecode.c.h; path = PRRemoteMedia.h; sourceTree = "<group>"; };
		4073DFC81C56135500D46C8E /* PRRemoteMedia.m */ = {isa = PBXFileReference; fileEncoding = 4; lastKnownFileType = sourcecode.c.objc; path = PRRemoteMedia.m; sourceTree = "<group>"; };
		4073DFCB1C5640BB00D46C8E /* PRCreationViewController.h */ = {isa = PBXFileReference; fileEncoding = 4; lastKnownFileType = sourcecode.c.h; path = PRCreationViewController.h; sourceTree = "<group>"; };
		4073DFCC1C5640BB00D46C8E /* PRCreationViewController.m */ = {isa = PBXFileReference; fileEncoding = 4; lastKnownFileType = sourcecode.c.objc; path = PRCreationViewController.m; sourceTree = "<group>"; };
		4073DFCF1C56410500D46C8E /* PRDetailsViewController.h */ = {isa = PBXFileReference; fileEncoding = 4; lastKnownFileType = sourcecode.c.h; path = PRDetailsViewController.h; sourceTree = "<group>"; };
		4073DFD01C56410500D46C8E /* PRDetailsViewController.m */ = {isa = PBXFileReference; fileEncoding = 4; lastKnownFileType = sourcecode.c.objc; path = PRDetailsViewController.m; sourceTree = "<group>"; };
		4073DFD41C5642B100D46C8E /* PRCreationViewInteractorProtocol.h */ = {isa = PBXFileReference; lastKnownFileType = sourcecode.c.h; path = PRCreationViewInteractorProtocol.h; sourceTree = "<group>"; };
		4073DFD51C5642E400D46C8E /* PRCreationViewInteractor.h */ = {isa = PBXFileReference; fileEncoding = 4; lastKnownFileType = sourcecode.c.h; path = PRCreationViewInteractor.h; sourceTree = "<group>"; };
		4073DFD61C5642E400D46C8E /* PRCreationViewInteractor.m */ = {isa = PBXFileReference; fileEncoding = 4; lastKnownFileType = sourcecode.c.objc; path = PRCreationViewInteractor.m; sourceTree = "<group>"; };
		4073DFDA1C5643A300D46C8E /* PRDetailsViewInteractorProtocol.h */ = {isa = PBXFileReference; lastKnownFileType = sourcecode.c.h; path = PRDetailsViewInteractorProtocol.h; sourceTree = "<group>"; };
		4073DFDB1C5643CA00D46C8E /* PRDetailsViewInteractor.h */ = {isa = PBXFileReference; fileEncoding = 4; lastKnownFileType = sourcecode.c.h; path = PRDetailsViewInteractor.h; sourceTree = "<group>"; };
		4073DFDC1C5643CA00D46C8E /* PRDetailsViewInteractor.m */ = {isa = PBXFileReference; fileEncoding = 4; lastKnownFileType = sourcecode.c.objc; path = PRDetailsViewInteractor.m; sourceTree = "<group>"; };
		4073DFDE1C566C5B00D46C8E /* PRCreationCollectionViewCell.h */ = {isa = PBXFileReference; fileEncoding = 4; lastKnownFileType = sourcecode.c.h; path = PRCreationCollectionViewCell.h; sourceTree = "<group>"; };
		4073DFDF1C566C5B00D46C8E /* PRCreationCollectionViewCell.m */ = {isa = PBXFileReference; fileEncoding = 4; lastKnownFileType = sourcecode.c.objc; path = PRCreationCollectionViewCell.m; sourceTree = "<group>"; };
		407B1C4F1C46A1A70071A123 /* PRRemoteResults.h */ = {isa = PBXFileReference; fileEncoding = 4; lastKnownFileType = sourcecode.c.h; path = PRRemoteResults.h; sourceTree = "<group>"; };
		407B1C501C46A1A70071A123 /* PRRemoteResults.m */ = {isa = PBXFileReference; fileEncoding = 4; lastKnownFileType = sourcecode.c.objc; path = PRRemoteResults.m; sourceTree = "<group>"; };
		4081B5AE1C5B62B30023383E /* PRImagePresenter.h */ = {isa = PBXFileReference; fileEncoding = 4; lastKnownFileType = sourcecode.c.h; path = PRImagePresenter.h; sourceTree = "<group>"; };
		4081B5AF1C5B62B30023383E /* PRImagePresenter.m */ = {isa = PBXFileReference; fileEncoding = 4; lastKnownFileType = sourcecode.c.objc; path = PRImagePresenter.m; sourceTree = "<group>"; };
		4081B5B01C5B62B30023383E /* PRImagePresenter.xib */ = {isa = PBXFileReference; fileEncoding = 4; lastKnownFileType = file.xib; path = PRImagePresenter.xib; sourceTree = "<group>"; };
		4081B5B31C5B93590023383E /* PRDetailsCollectionViewCell.h */ = {isa = PBXFileReference; fileEncoding = 4; lastKnownFileType = sourcecode.c.h; path = PRDetailsCollectionViewCell.h; sourceTree = "<group>"; };
		4081B5B41C5B93590023383E /* PRDetailsCollectionViewCell.m */ = {isa = PBXFileReference; fileEncoding = 4; lastKnownFileType = sourcecode.c.objc; path = PRDetailsCollectionViewCell.m; sourceTree = "<group>"; };
		4081B5B81C5BB55A0023383E /* PRDataModel.xcdatamodel */ = {isa = PBXFileReference; lastKnownFileType = wrapper.xcdatamodel; path = PRDataModel.xcdatamodel; sourceTree = "<group>"; };
		4081B5E01C5BC89D0023383E /* PRLocalDataStore.h */ = {isa = PBXFileReference; fileEncoding = 4; lastKnownFileType = sourcecode.c.h; path = PRLocalDataStore.h; sourceTree = "<group>"; };
		4081B5E11C5BC89D0023383E /* PRLocalDataStore.m */ = {isa = PBXFileReference; fileEncoding = 4; lastKnownFileType = sourcecode.c.objc; path = PRLocalDataStore.m; sourceTree = "<group>"; };
		40BD1EFF1C2C0E8700828FD1 /* RPLoginViewInteractorProtocol.h */ = {isa = PBXFileReference; lastKnownFileType = sourcecode.c.h; path = RPLoginViewInteractorProtocol.h; sourceTree = "<group>"; };
		40BD1F001C2C0EAC00828FD1 /* RPRegistrationViewInteractorProtocol.h */ = {isa = PBXFileReference; lastKnownFileType = sourcecode.c.h; path = RPRegistrationViewInteractorProtocol.h; sourceTree = "<group>"; };
		40BD1F011C2C0EE100828FD1 /* PRRestoreAccountViewInteractorProtocol.h */ = {isa = PBXFileReference; lastKnownFileType = sourcecode.c.h; path = PRRestoreAccountViewInteractorProtocol.h; sourceTree = "<group>"; };
		40BD1F041C2C16F500828FD1 /* PRLockActivity.h */ = {isa = PBXFileReference; fileEncoding = 4; lastKnownFileType = sourcecode.c.h; path = PRLockActivity.h; sourceTree = "<group>"; };
		40BD1F051C2C16F500828FD1 /* PRLockActivity.m */ = {isa = PBXFileReference; fileEncoding = 4; lastKnownFileType = sourcecode.c.objc; path = PRLockActivity.m; sourceTree = "<group>"; };
		40BD1F091C2C1FB200828FD1 /* PRLockActivity.xib */ = {isa = PBXFileReference; fileEncoding = 4; lastKnownFileType = file.xib; path = PRLockActivity.xib; sourceTree = "<group>"; };
		40BD1F0E1C2C332500828FD1 /* PRRootLoginViewController.h */ = {isa = PBXFileReference; fileEncoding = 4; lastKnownFileType = sourcecode.c.h; path = PRRootLoginViewController.h; sourceTree = "<group>"; };
		40BD1F0F1C2C332500828FD1 /* PRRootLoginViewController.m */ = {isa = PBXFileReference; fileEncoding = 4; lastKnownFileType = sourcecode.c.objc; path = PRRootLoginViewController.m; sourceTree = "<group>"; };
		40BD1F111C2C416300828FD1 /* PRConstants.h */ = {isa = PBXFileReference; lastKnownFileType = sourcecode.c.h; path = PRConstants.h; sourceTree = "<group>"; };
		40BD1F121C2C429E00828FD1 /* PRMacros.h */ = {isa = PBXFileReference; lastKnownFileType = sourcecode.c.h; path = PRMacros.h; sourceTree = "<group>"; };
		40C161DA1C44E8DA00E1E6F5 /* PRContentViewController.h */ = {isa = PBXFileReference; fileEncoding = 4; lastKnownFileType = sourcecode.c.h; path = PRContentViewController.h; sourceTree = "<group>"; };
		40C161DB1C44E8DA00E1E6F5 /* PRContentViewController.m */ = {isa = PBXFileReference; fileEncoding = 4; lastKnownFileType = sourcecode.c.objc; path = PRContentViewController.m; sourceTree = "<group>"; };
		40C161DF1C451C4400E1E6F5 /* PRContentViewInteractorProtocol.h */ = {isa = PBXFileReference; lastKnownFileType = sourcecode.c.h; path = PRContentViewInteractorProtocol.h; sourceTree = "<group>"; };
		40C161E01C451D3600E1E6F5 /* PRContentViewInteractor.h */ = {isa = PBXFileReference; fileEncoding = 4; lastKnownFileType = sourcecode.c.h; path = PRContentViewInteractor.h; sourceTree = "<group>"; };
		40C161E11C451D3600E1E6F5 /* PRContentViewInteractor.m */ = {isa = PBXFileReference; fileEncoding = 4; lastKnownFileType = sourcecode.c.objc; path = PRContentViewInteractor.m; sourceTree = "<group>"; };
		40C161E41C45293200E1E6F5 /* PRRemoteCategory.h */ = {isa = PBXFileReference; fileEncoding = 4; lastKnownFileType = sourcecode.c.h; path = PRRemoteCategory.h; sourceTree = "<group>"; };
		40C161E51C45293200E1E6F5 /* PRRemoteCategory.m */ = {isa = PBXFileReference; fileEncoding = 4; lastKnownFileType = sourcecode.c.objc; path = PRRemoteCategory.m; sourceTree = "<group>"; };
		40C630E51C735431003E2A20 /* PRRootInteractorProtocol.h */ = {isa = PBXFileReference; lastKnownFileType = sourcecode.c.h; path = PRRootInteractorProtocol.h; sourceTree = "<group>"; };
		40C630E61C7363E8003E2A20 /* PRRootInteractor.h */ = {isa = PBXFileReference; fileEncoding = 4; lastKnownFileType = sourcecode.c.h; path = PRRootInteractor.h; sourceTree = "<group>"; };
		40C630E71C7363E8003E2A20 /* PRRootInteractor.m */ = {isa = PBXFileReference; fileEncoding = 4; lastKnownFileType = sourcecode.c.objc; path = PRRootInteractor.m; sourceTree = "<group>"; };
		40C630E91C748E38003E2A20 /* PRUploadImageManager.h */ = {isa = PBXFileReference; fileEncoding = 4; lastKnownFileType = sourcecode.c.h; path = PRUploadImageManager.h; sourceTree = "<group>"; };
		40C630EA1C748E38003E2A20 /* PRUploadImageManager.m */ = {isa = PBXFileReference; fileEncoding = 4; lastKnownFileType = sourcecode.c.objc; path = PRUploadImageManager.m; sourceTree = "<group>"; };
		40CFE88A1C5688D20065017C /* PRActionSheetPickerView.xib */ = {isa = PBXFileReference; fileEncoding = 4; lastKnownFileType = file.xib; path = PRActionSheetPickerView.xib; sourceTree = "<group>"; };
		40CFE88C1C5688F70065017C /* PRActionSheetPickerView.h */ = {isa = PBXFileReference; fileEncoding = 4; lastKnownFileType = sourcecode.c.h; path = PRActionSheetPickerView.h; sourceTree = "<group>"; };
		40CFE88D1C5688F70065017C /* PRActionSheetPickerView.m */ = {isa = PBXFileReference; fileEncoding = 4; lastKnownFileType = sourcecode.c.objc; path = PRActionSheetPickerView.m; sourceTree = "<group>"; };
		40CFE88F1C5763110065017C /* PRPickerViewPresenter.h */ = {isa = PBXFileReference; fileEncoding = 4; lastKnownFileType = sourcecode.c.h; path = PRPickerViewPresenter.h; sourceTree = "<group>"; };
		40CFE8901C5763110065017C /* PRPickerViewPresenter.m */ = {isa = PBXFileReference; fileEncoding = 4; lastKnownFileType = sourcecode.c.objc; path = PRPickerViewPresenter.m; sourceTree = "<group>"; };
		40CFE8921C57A5620065017C /* PRThumbnailMaker.h */ = {isa = PBXFileReference; fileEncoding = 4; lastKnownFileType = sourcecode.c.h; path = PRThumbnailMaker.h; sourceTree = "<group>"; };
		40CFE8931C57A5620065017C /* PRThumbnailMaker.m */ = {isa = PBXFileReference; fileEncoding = 4; lastKnownFileType = sourcecode.c.objc; path = PRThumbnailMaker.m; sourceTree = "<group>"; };
		40CFE8961C57B1D00065017C /* PRLocalNewArticle.h */ = {isa = PBXFileReference; fileEncoding = 4; lastKnownFileType = sourcecode.c.h; path = PRLocalNewArticle.h; sourceTree = "<group>"; };
		40CFE8971C57B1D00065017C /* PRLocalNewArticle.m */ = {isa = PBXFileReference; fileEncoding = 4; lastKnownFileType = sourcecode.c.objc; path = PRLocalNewArticle.m; sourceTree = "<group>"; };
		40CFE8991C57B9930065017C /* PRRemoteUploadFileResponse.h */ = {isa = PBXFileReference; fileEncoding = 4; lastKnownFileType = sourcecode.c.h; path = PRRemoteUploadFileResponse.h; sourceTree = "<group>"; };
		40CFE89A1C57B9930065017C /* PRRemoteUploadFileResponse.m */ = {isa = PBXFileReference; fileEncoding = 4; lastKnownFileType = sourcecode.c.objc; path = PRRemoteUploadFileResponse.m; sourceTree = "<group>"; };
		40CFE89C1C57CE280065017C /* PRUploadMediaOperation.h */ = {isa = PBXFileReference; fileEncoding = 4; lastKnownFileType = sourcecode.c.h; path = PRUploadMediaOperation.h; sourceTree = "<group>"; };
		40CFE89D1C57CE280065017C /* PRUploadMediaOperation.m */ = {isa = PBXFileReference; fileEncoding = 4; lastKnownFileType = sourcecode.c.objc; path = PRUploadMediaOperation.m; sourceTree = "<group>"; };
		40DFE1411C623AF900334C45 /* InterestCategory+CoreDataProperties.h */ = {isa = PBXFileReference; fileEncoding = 4; lastKnownFileType = sourcecode.c.h; name = "InterestCategory+CoreDataProperties.h"; path = "../DataBase/InterestCategory+CoreDataProperties.h"; sourceTree = "<group>"; };
		40DFE1421C623AF900334C45 /* InterestCategory+CoreDataProperties.m */ = {isa = PBXFileReference; fileEncoding = 4; lastKnownFileType = sourcecode.c.objc; name = "InterestCategory+CoreDataProperties.m"; path = "../DataBase/InterestCategory+CoreDataProperties.m"; sourceTree = "<group>"; };
		40DFE1431C623AF900334C45 /* InterestCategory.h */ = {isa = PBXFileReference; fileEncoding = 4; lastKnownFileType = sourcecode.c.h; name = InterestCategory.h; path = ../DataBase/InterestCategory.h; sourceTree = "<group>"; };
		40DFE1441C623AF900334C45 /* InterestCategory.m */ = {isa = PBXFileReference; fileEncoding = 4; lastKnownFileType = sourcecode.c.objc; name = InterestCategory.m; path = ../DataBase/InterestCategory.m; sourceTree = "<group>"; };
		40E1CBA71C5F4989002EFF72 /* User+CoreDataProperties.h */ = {isa = PBXFileReference; fileEncoding = 4; lastKnownFileType = sourcecode.c.h; name = "User+CoreDataProperties.h"; path = "../DataBase/User+CoreDataProperties.h"; sourceTree = "<group>"; };
		40E1CBA81C5F4989002EFF72 /* User+CoreDataProperties.m */ = {isa = PBXFileReference; fileEncoding = 4; lastKnownFileType = sourcecode.c.objc; name = "User+CoreDataProperties.m"; path = "../DataBase/User+CoreDataProperties.m"; sourceTree = "<group>"; };
		40E1CBA91C5F4989002EFF72 /* User.h */ = {isa = PBXFileReference; fileEncoding = 4; lastKnownFileType = sourcecode.c.h; name = User.h; path = ../DataBase/User.h; sourceTree = "<group>"; };
		40E1CBAA1C5F4989002EFF72 /* User.m */ = {isa = PBXFileReference; fileEncoding = 4; lastKnownFileType = sourcecode.c.objc; name = User.m; path = ../DataBase/User.m; sourceTree = "<group>"; };
		40E1CBAB1C5F4989002EFF72 /* Article+CoreDataProperties.h */ = {isa = PBXFileReference; fileEncoding = 4; lastKnownFileType = sourcecode.c.h; name = "Article+CoreDataProperties.h"; path = "../DataBase/Article+CoreDataProperties.h"; sourceTree = "<group>"; };
		40E1CBAC1C5F4989002EFF72 /* Article+CoreDataProperties.m */ = {isa = PBXFileReference; fileEncoding = 4; lastKnownFileType = sourcecode.c.objc; name = "Article+CoreDataProperties.m"; path = "../DataBase/Article+CoreDataProperties.m"; sourceTree = "<group>"; };
		40E1CBAD1C5F4989002EFF72 /* Article.h */ = {isa = PBXFileReference; fileEncoding = 4; lastKnownFileType = sourcecode.c.h; name = Article.h; path = ../DataBase/Article.h; sourceTree = "<group>"; };
		40E1CBAE1C5F4989002EFF72 /* Article.m */ = {isa = PBXFileReference; fileEncoding = 4; lastKnownFileType = sourcecode.c.objc; name = Article.m; path = ../DataBase/Article.m; sourceTree = "<group>"; };
		40E1CBAF1C5F4989002EFF72 /* GeoPoint+CoreDataProperties.h */ = {isa = PBXFileReference; fileEncoding = 4; lastKnownFileType = sourcecode.c.h; name = "GeoPoint+CoreDataProperties.h"; path = "../DataBase/GeoPoint+CoreDataProperties.h"; sourceTree = "<group>"; };
		40E1CBB01C5F4989002EFF72 /* GeoPoint+CoreDataProperties.m */ = {isa = PBXFileReference; fileEncoding = 4; lastKnownFileType = sourcecode.c.objc; name = "GeoPoint+CoreDataProperties.m"; path = "../DataBase/GeoPoint+CoreDataProperties.m"; sourceTree = "<group>"; };
		40E1CBB11C5F4989002EFF72 /* GeoPoint.h */ = {isa = PBXFileReference; fileEncoding = 4; lastKnownFileType = sourcecode.c.h; name = GeoPoint.h; path = ../DataBase/GeoPoint.h; sourceTree = "<group>"; };
		40E1CBB21C5F4989002EFF72 /* GeoPoint.m */ = {isa = PBXFileReference; fileEncoding = 4; lastKnownFileType = sourcecode.c.objc; name = GeoPoint.m; path = ../DataBase/GeoPoint.m; sourceTree = "<group>"; };
		40E1CBC11C5F4D4C002EFF72 /* Media+CoreDataProperties.h */ = {isa = PBXFileReference; fileEncoding = 4; lastKnownFileType = sourcecode.c.h; name = "Media+CoreDataProperties.h"; path = "../DataBase/Media+CoreDataProperties.h"; sourceTree = "<group>"; };
		40E1CBC21C5F4D4C002EFF72 /* Media+CoreDataProperties.m */ = {isa = PBXFileReference; fileEncoding = 4; lastKnownFileType = sourcecode.c.objc; name = "Media+CoreDataProperties.m"; path = "../DataBase/Media+CoreDataProperties.m"; sourceTree = "<group>"; };
		40E1CBC31C5F4D4C002EFF72 /* Media.h */ = {isa = PBXFileReference; fileEncoding = 4; lastKnownFileType = sourcecode.c.h; name = Media.h; path = ../DataBase/Media.h; sourceTree = "<group>"; };
		40E1CBC41C5F4D4C002EFF72 /* Media.m */ = {isa = PBXFileReference; fileEncoding = 4; lastKnownFileType = sourcecode.c.objc; name = Media.m; path = ../DataBase/Media.m; sourceTree = "<group>"; };
		40E233511C60DECF00DC605A /* PRArticleCollection.h */ = {isa = PBXFileReference; fileEncoding = 4; lastKnownFileType = sourcecode.c.h; path = PRArticleCollection.h; sourceTree = "<group>"; };
		40E233521C60DECF00DC605A /* PRArticleCollection.m */ = {isa = PBXFileReference; fileEncoding = 4; lastKnownFileType = sourcecode.c.objc; path = PRArticleCollection.m; sourceTree = "<group>"; };
		40E3D5E71C6A33930070CE84 /* PRLocalDataStoreManager.h */ = {isa = PBXFileReference; fileEncoding = 4; lastKnownFileType = sourcecode.c.h; path = PRLocalDataStoreManager.h; sourceTree = "<group>"; };
		40E3D5E81C6A33930070CE84 /* PRLocalDataStoreManager.m */ = {isa = PBXFileReference; fileEncoding = 4; lastKnownFileType = sourcecode.c.objc; path = PRLocalDataStoreManager.m; sourceTree = "<group>"; };
		40E6B9BB1C297EAA0083A449 /* Pulsar.app */ = {isa = PBXFileReference; explicitFileType = wrapper.application; includeInIndex = 0; path = Pulsar.app; sourceTree = BUILT_PRODUCTS_DIR; };
		40E6B9BF1C297EAA0083A449 /* main.m */ = {isa = PBXFileReference; lastKnownFileType = sourcecode.c.objc; path = main.m; sourceTree = "<group>"; };
		40E6B9C11C297EAA0083A449 /* AppDelegate.h */ = {isa = PBXFileReference; lastKnownFileType = sourcecode.c.h; path = AppDelegate.h; sourceTree = "<group>"; };
		40E6B9C21C297EAA0083A449 /* AppDelegate.m */ = {isa = PBXFileReference; lastKnownFileType = sourcecode.c.objc; path = AppDelegate.m; sourceTree = "<group>"; };
		40E6B9C81C297EAA0083A449 /* Base */ = {isa = PBXFileReference; lastKnownFileType = file.storyboard; name = Base; path = Base.lproj/Main.storyboard; sourceTree = "<group>"; };
		40E6B9CA1C297EAA0083A449 /* Assets.xcassets */ = {isa = PBXFileReference; lastKnownFileType = folder.assetcatalog; path = Assets.xcassets; sourceTree = "<group>"; };
		40E6B9CF1C297EAA0083A449 /* Info.plist */ = {isa = PBXFileReference; lastKnownFileType = text.plist.xml; path = Info.plist; sourceTree = "<group>"; };
		40E6B9D61C2981610083A449 /* PRRootViewController.h */ = {isa = PBXFileReference; fileEncoding = 4; lastKnownFileType = sourcecode.c.h; path = PRRootViewController.h; sourceTree = "<group>"; };
		40E6B9D71C2981610083A449 /* PRRootViewController.m */ = {isa = PBXFileReference; fileEncoding = 4; lastKnownFileType = sourcecode.c.objc; path = PRRootViewController.m; sourceTree = "<group>"; };
		40E6B9DD1C2995760083A449 /* PRLoginViewController.h */ = {isa = PBXFileReference; fileEncoding = 4; lastKnownFileType = sourcecode.c.h; path = PRLoginViewController.h; sourceTree = "<group>"; };
		40E6B9DE1C2995760083A449 /* PRLoginViewController.m */ = {isa = PBXFileReference; fileEncoding = 4; lastKnownFileType = sourcecode.c.objc; path = PRLoginViewController.m; sourceTree = "<group>"; };
		40E6B9E01C2995DF0083A449 /* PRRestoreAccountViewController.h */ = {isa = PBXFileReference; fileEncoding = 4; lastKnownFileType = sourcecode.c.h; path = PRRestoreAccountViewController.h; sourceTree = "<group>"; };
		40E6B9E11C2995DF0083A449 /* PRRestoreAccountViewController.m */ = {isa = PBXFileReference; fileEncoding = 4; lastKnownFileType = sourcecode.c.objc; path = PRRestoreAccountViewController.m; sourceTree = "<group>"; };
		40E6B9E31C29964C0083A449 /* PRRegistrationViewController.h */ = {isa = PBXFileReference; fileEncoding = 4; lastKnownFileType = sourcecode.c.h; path = PRRegistrationViewController.h; sourceTree = "<group>"; };
		40E6B9E41C29964C0083A449 /* PRRegistrationViewController.m */ = {isa = PBXFileReference; fileEncoding = 4; lastKnownFileType = sourcecode.c.objc; path = PRRegistrationViewController.m; sourceTree = "<group>"; };
		40F65D971C33C6C900846449 /* PREmailValidator.h */ = {isa = PBXFileReference; fileEncoding = 4; lastKnownFileType = sourcecode.c.h; path = PREmailValidator.h; sourceTree = "<group>"; };
		40F65D981C33C6C900846449 /* PREmailValidator.m */ = {isa = PBXFileReference; fileEncoding = 4; lastKnownFileType = sourcecode.c.objc; path = PREmailValidator.m; sourceTree = "<group>"; };
		40F65D9A1C33CE0700846449 /* PRConfigurator.h */ = {isa = PBXFileReference; fileEncoding = 4; lastKnownFileType = sourcecode.c.h; path = PRConfigurator.h; sourceTree = "<group>"; };
		40F65D9B1C33CE0700846449 /* PRConfigurator.m */ = {isa = PBXFileReference; fileEncoding = 4; lastKnownFileType = sourcecode.c.objc; path = PRConfigurator.m; sourceTree = "<group>"; };
		40F65D9D1C33D6B200846449 /* PRLoginViewInteractor.h */ = {isa = PBXFileReference; fileEncoding = 4; lastKnownFileType = sourcecode.c.h; path = PRLoginViewInteractor.h; sourceTree = "<group>"; };
		40F65D9E1C33D6B200846449 /* PRLoginViewInteractor.m */ = {isa = PBXFileReference; fileEncoding = 4; lastKnownFileType = sourcecode.c.objc; path = PRLoginViewInteractor.m; sourceTree = "<group>"; };
		40F65DA01C33D6DC00846449 /* PRRegistrationViewInteractor.h */ = {isa = PBXFileReference; fileEncoding = 4; lastKnownFileType = sourcecode.c.h; path = PRRegistrationViewInteractor.h; sourceTree = "<group>"; };
		40F65DA11C33D6DC00846449 /* PRRegistrationViewInteractor.m */ = {isa = PBXFileReference; fileEncoding = 4; lastKnownFileType = sourcecode.c.objc; path = PRRegistrationViewInteractor.m; sourceTree = "<group>"; };
		40F65DA31C33D7B700846449 /* PRRestoreAccountInteractor.h */ = {isa = PBXFileReference; fileEncoding = 4; lastKnownFileType = sourcecode.c.h; path = PRRestoreAccountInteractor.h; sourceTree = "<group>"; };
		40F65DA41C33D7B700846449 /* PRRestoreAccountInteractor.m */ = {isa = PBXFileReference; fileEncoding = 4; lastKnownFileType = sourcecode.c.objc; path = PRRestoreAccountInteractor.m; sourceTree = "<group>"; };
		40F65DA71C33FB0400846449 /* PRNetworkDataProvider.h */ = {isa = PBXFileReference; fileEncoding = 4; lastKnownFileType = sourcecode.c.h; path = PRNetworkDataProvider.h; sourceTree = "<group>"; };
		40F65DA81C33FB0400846449 /* PRNetworkDataProvider.m */ = {isa = PBXFileReference; fileEncoding = 4; lastKnownFileType = sourcecode.c.objc; path = PRNetworkDataProvider.m; sourceTree = "<group>"; };
		40F65DAC1C3404B100846449 /* PRReachability.h */ = {isa = PBXFileReference; fileEncoding = 4; lastKnownFileType = sourcecode.c.h; path = PRReachability.h; sourceTree = "<group>"; };
		40F65DAD1C3404B100846449 /* PRReachability.m */ = {isa = PBXFileReference; fileEncoding = 4; lastKnownFileType = sourcecode.c.objc; path = PRReachability.m; sourceTree = "<group>"; };
		40F65DB01C342D2C00846449 /* PRJsonCompatable.h */ = {isa = PBXFileReference; lastKnownFileType = sourcecode.c.h; path = PRJsonCompatable.h; sourceTree = "<group>"; };
		40F65DB41C3434E000846449 /* PRRemoteRegistrationRequest.h */ = {isa = PBXFileReference; fileEncoding = 4; lastKnownFileType = sourcecode.c.h; path = PRRemoteRegistrationRequest.h; sourceTree = "<group>"; };
		40F65DB51C3434E000846449 /* PRRemoteRegistrationRequest.m */ = {isa = PBXFileReference; fileEncoding = 4; lastKnownFileType = sourcecode.c.objc; path = PRRemoteRegistrationRequest.m; sourceTree = "<group>"; };
		40F65DB71C34353800846449 /* PRRemoteRegistrationResponse.h */ = {isa = PBXFileReference; fileEncoding = 4; lastKnownFileType = sourcecode.c.h; path = PRRemoteRegistrationResponse.h; sourceTree = "<group>"; };
		40F65DB81C34353800846449 /* PRRemoteRegistrationResponse.m */ = {isa = PBXFileReference; fileEncoding = 4; lastKnownFileType = sourcecode.c.objc; path = PRRemoteRegistrationResponse.m; sourceTree = "<group>"; };
		40FC3EA81C59FACA00C528E9 /* PRRemoteArticle.h */ = {isa = PBXFileReference; fileEncoding = 4; lastKnownFileType = sourcecode.c.h; path = PRRemoteArticle.h; sourceTree = "<group>"; };
		40FC3EA91C59FACA00C528E9 /* PRRemoteArticle.m */ = {isa = PBXFileReference; fileEncoding = 4; lastKnownFileType = sourcecode.c.objc; path = PRRemoteArticle.m; sourceTree = "<group>"; };
		40FC3EAB1C5A04D400C528E9 /* PRLocalArticle.h */ = {isa = PBXFileReference; fileEncoding = 4; lastKnownFileType = sourcecode.c.h; path = PRLocalArticle.h; sourceTree = "<group>"; };
		40FC3EAC1C5A04D400C528E9 /* PRLocalArticle.m */ = {isa = PBXFileReference; fileEncoding = 4; lastKnownFileType = sourcecode.c.objc; path = PRLocalArticle.m; sourceTree = "<group>"; };
		40FC3EAF1C5A17BB00C528E9 /* PRLocalMedia.h */ = {isa = PBXFileReference; fileEncoding = 4; lastKnownFileType = sourcecode.c.h; path = PRLocalMedia.h; sourceTree = "<group>"; };
		40FC3EB01C5A17BB00C528E9 /* PRLocalMedia.m */ = {isa = PBXFileReference; fileEncoding = 4; lastKnownFileType = sourcecode.c.objc; path = PRLocalMedia.m; sourceTree = "<group>"; };
		40FC3EB21C5A186F00C528E9 /* PRRemoteFile.h */ = {isa = PBXFileReference; fileEncoding = 4; lastKnownFileType = sourcecode.c.h; path = PRRemoteFile.h; sourceTree = "<group>"; };
		40FC3EB31C5A186F00C528E9 /* PRRemoteFile.m */ = {isa = PBXFileReference; fileEncoding = 4; lastKnownFileType = sourcecode.c.objc; path = PRRemoteFile.m; sourceTree = "<group>"; };
		40FC3EB51C5A495D00C528E9 /* PRContentViewCell.h */ = {isa = PBXFileReference; fileEncoding = 4; lastKnownFileType = sourcecode.c.h; path = PRContentViewCell.h; sourceTree = "<group>"; };
		40FC3EB61C5A495D00C528E9 /* PRContentViewCell.m */ = {isa = PBXFileReference; fileEncoding = 4; lastKnownFileType = sourcecode.c.objc; path = PRContentViewCell.m; sourceTree = "<group>"; };
		40FF1A061C4393D4005A14BE /* PRScreenLock.h */ = {isa = PBXFileReference; fileEncoding = 4; lastKnownFileType = sourcecode.c.h; path = PRScreenLock.h; sourceTree = "<group>"; };
		40FF1A071C4393D4005A14BE /* PRScreenLock.m */ = {isa = PBXFileReference; fileEncoding = 4; lastKnownFileType = sourcecode.c.objc; path = PRScreenLock.m; sourceTree = "<group>"; };
/* End PBXFileReference section */

/* Begin PBXFrameworksBuildPhase section */
		40E6B9B81C297EAA0083A449 /* Frameworks */ = {
			isa = PBXFrameworksBuildPhase;
			buildActionMask = 2147483647;
			files = (
				404D33451C51439E00C4735E /* MapKit.framework in Frameworks */,
			);
			runOnlyForDeploymentPostprocessing = 0;
		};
/* End PBXFrameworksBuildPhase section */

/* Begin PBXGroup section */
		400517351C3ABF2B00FBFE11 /* Login */ = {
			isa = PBXGroup;
			children = (
				400517361C3ABFCB00FBFE11 /* PRRemoteLoginResponse.h */,
				400517371C3ABFCB00FBFE11 /* PRRemoteLoginResponse.m */,
			);
			path = Login;
			sourceTree = "<group>";
		};
		400517391C3ACA4E00FBFE11 /* ResetPassword */ = {
			isa = PBXGroup;
			children = (
				4005173A1C3ACAA100FBFE11 /* PRRemoteResetPasswordRequest.h */,
				4005173B1C3ACAA100FBFE11 /* PRRemoteResetPasswordRequest.m */,
			);
			path = ResetPassword;
			sourceTree = "<group>";
		};
		4005173D1C3BAD3800FBFE11 /* TokenValidation */ = {
			isa = PBXGroup;
			children = (
				4005173E1C3BAD8000FBFE11 /* PRTokenValidationResponse.h */,
				4005173F1C3BAD8000FBFE11 /* PRTokenValidationResponse.m */,
			);
			path = TokenValidation;
			sourceTree = "<group>";
		};
		401B5DEA1C7491EE00ADCA9C /* UploadTask */ = {
			isa = PBXGroup;
			children = (
				401B5DE41C7491E500ADCA9C /* UploadTask+CoreDataProperties.h */,
				401B5DE51C7491E500ADCA9C /* UploadTask+CoreDataProperties.m */,
				401B5DE61C7491E500ADCA9C /* UploadTask.h */,
				401B5DE71C7491E500ADCA9C /* UploadTask.m */,
			);
			path = UploadTask;
			sourceTree = "<group>";
		};
		404D33191C4FABC200C4735E /* Categories */ = {
			isa = PBXGroup;
			children = (
				40DFE1411C623AF900334C45 /* InterestCategory+CoreDataProperties.h */,
				40DFE1421C623AF900334C45 /* InterestCategory+CoreDataProperties.m */,
				40DFE1431C623AF900334C45 /* InterestCategory.h */,
				40DFE1441C623AF900334C45 /* InterestCategory.m */,
				404D331A1C4FAC0200C4735E /* PRLocalCategory.h */,
				404D331B1C4FAC0200C4735E /* PRLocalCategory.m */,
			);
			path = Categories;
			sourceTree = "<group>";
		};
		404D331E1C4FB6E400C4735E /* Menu */ = {
			isa = PBXGroup;
			children = (
				404D331F1C4FB74E00C4735E /* PRMenuViewController.h */,
				404D33201C4FB74E00C4735E /* PRMenuViewController.m */,
				404D332D1C50C8A200C4735E /* PRMenuCategoryCell.h */,
				404D332E1C50C8A200C4735E /* PRMenuCategoryCell.m */,
				404D33301C50C8E100C4735E /* PRMenuLocationCell.h */,
				404D33311C50C8E100C4735E /* PRMenuLocationCell.m */,
			);
			path = Menu;
			sourceTree = "<group>";
		};
		404D33221C4FB7F800C4735E /* Menu */ = {
			isa = PBXGroup;
			children = (
				404D33241C4FBA9300C4735E /* PRMenuViewInteractor.h */,
				404D33251C4FBA9300C4735E /* PRMenuViewInteractor.m */,
			);
			path = Menu;
			sourceTree = "<group>";
		};
		404D33271C4FBB7000C4735E /* Protocols */ = {
			isa = PBXGroup;
			children = (
				404D33281C4FBBC400C4735E /* PRContentViewDelegateProtocol.h */,
			);
			path = Protocols;
			sourceTree = "<group>";
		};
		404D33331C51260900C4735E /* GeoPoint */ = {
			isa = PBXGroup;
			children = (
				404D33341C51266600C4735E /* PRRemoteGeoPoint.h */,
				404D33351C51266600C4735E /* PRRemoteGeoPoint.m */,
			);
			path = GeoPoint;
			sourceTree = "<group>";
		};
		404D33371C5129A100C4735E /* GeoPoint */ = {
			isa = PBXGroup;
			children = (
				40E1CBAF1C5F4989002EFF72 /* GeoPoint+CoreDataProperties.h */,
				40E1CBB01C5F4989002EFF72 /* GeoPoint+CoreDataProperties.m */,
				40E1CBB11C5F4989002EFF72 /* GeoPoint.h */,
				40E1CBB21C5F4989002EFF72 /* GeoPoint.m */,
				404D33381C5129E800C4735E /* PRLocalGeoPoint.h */,
				404D33391C5129E800C4735E /* PRLocalGeoPoint.m */,
			);
			path = GeoPoint;
			sourceTree = "<group>";
		};
		404D333B1C51356500C4735E /* Map */ = {
			isa = PBXGroup;
			children = (
				404D333C1C5135AE00C4735E /* PRMapViewController.h */,
				404D333D1C5135AE00C4735E /* PRMapViewController.m */,
				404D33461C5222C900C4735E /* PRMapAnnotation.h */,
				404D33471C5222C900C4735E /* PRMapAnnotation.m */,
			);
			path = Map;
			sourceTree = "<group>";
		};
		404D333F1C5135E500C4735E /* Map */ = {
			isa = PBXGroup;
			children = (
				404D33401C51361400C4735E /* PRMapViewInteractor.h */,
				404D33411C51361400C4735E /* PRMapViewInteractor.m */,
			);
			path = Map;
			sourceTree = "<group>";
		};
		40646F091C64BE4600EBA618 /* Social */ = {
			isa = PBXGroup;
			children = (
				40646F0A1C64BE7B00EBA618 /* PRSocialHelper.h */,
				40646F0B1C64BE7B00EBA618 /* PRSocialHelper.m */,
			);
			path = Social;
			sourceTree = "<group>";
		};
		4073DFC21C56126000D46C8E /* Article */ = {
			isa = PBXGroup;
			children = (
				4073DFC31C5612C400D46C8E /* PRRemotePublishedArticle.h */,
				4073DFC41C5612C400D46C8E /* PRRemotePublishedArticle.m */,
				40FC3EA81C59FACA00C528E9 /* PRRemoteArticle.h */,
				40FC3EA91C59FACA00C528E9 /* PRRemoteArticle.m */,
			);
			path = Article;
			sourceTree = "<group>";
		};
		4073DFC61C56131300D46C8E /* Media */ = {
			isa = PBXGroup;
			children = (
				4073DFC71C56135500D46C8E /* PRRemoteMedia.h */,
				4073DFC81C56135500D46C8E /* PRRemoteMedia.m */,
				40CFE89C1C57CE280065017C /* PRUploadMediaOperation.h */,
				40CFE89D1C57CE280065017C /* PRUploadMediaOperation.m */,
				40FC3EB21C5A186F00C528E9 /* PRRemoteFile.h */,
				40FC3EB31C5A186F00C528E9 /* PRRemoteFile.m */,
			);
			path = Media;
			sourceTree = "<group>";
		};
		4073DFCA1C56406700D46C8E /* Creation */ = {
			isa = PBXGroup;
			children = (
				4073DFCB1C5640BB00D46C8E /* PRCreationViewController.h */,
				4073DFCC1C5640BB00D46C8E /* PRCreationViewController.m */,
				4073DFDE1C566C5B00D46C8E /* PRCreationCollectionViewCell.h */,
				4073DFDF1C566C5B00D46C8E /* PRCreationCollectionViewCell.m */,
			);
			path = Creation;
			sourceTree = "<group>";
		};
		4073DFCE1C5640D500D46C8E /* Details */ = {
			isa = PBXGroup;
			children = (
				4073DFCF1C56410500D46C8E /* PRDetailsViewController.h */,
				4073DFD01C56410500D46C8E /* PRDetailsViewController.m */,
				4081B5B31C5B93590023383E /* PRDetailsCollectionViewCell.h */,
				4081B5B41C5B93590023383E /* PRDetailsCollectionViewCell.m */,
			);
			path = Details;
			sourceTree = "<group>";
		};
		4073DFD21C5641D700D46C8E /* Creation */ = {
			isa = PBXGroup;
			children = (
				4073DFD31C56425200D46C8E /* Protocols */,
				4073DFD51C5642E400D46C8E /* PRCreationViewInteractor.h */,
				4073DFD61C5642E400D46C8E /* PRCreationViewInteractor.m */,
			);
			path = Creation;
			sourceTree = "<group>";
		};
		4073DFD31C56425200D46C8E /* Protocols */ = {
			isa = PBXGroup;
			children = (
				4073DFD41C5642B100D46C8E /* PRCreationViewInteractorProtocol.h */,
			);
			path = Protocols;
			sourceTree = "<group>";
		};
		4073DFD81C56432E00D46C8E /* Details */ = {
			isa = PBXGroup;
			children = (
				4073DFD91C56434800D46C8E /* Protocols */,
				4073DFDB1C5643CA00D46C8E /* PRDetailsViewInteractor.h */,
				4073DFDC1C5643CA00D46C8E /* PRDetailsViewInteractor.m */,
			);
			path = Details;
			sourceTree = "<group>";
		};
		4073DFD91C56434800D46C8E /* Protocols */ = {
			isa = PBXGroup;
			children = (
				4073DFDA1C5643A300D46C8E /* PRDetailsViewInteractorProtocol.h */,
			);
			path = Protocols;
			sourceTree = "<group>";
		};
		4081B5AD1C5B62210023383E /* ImagePresenter */ = {
			isa = PBXGroup;
			children = (
				4081B5AE1C5B62B30023383E /* PRImagePresenter.h */,
				4081B5AF1C5B62B30023383E /* PRImagePresenter.m */,
				4081B5B01C5B62B30023383E /* PRImagePresenter.xib */,
			);
			path = ImagePresenter;
			sourceTree = "<group>";
		};
		4081B5B61C5BB1B90023383E /* DataBase */ = {
			isa = PBXGroup;
			children = (
				4081B5B71C5BB55A0023383E /* PRDataModel.xcdatamodeld */,
				4081B5E01C5BC89D0023383E /* PRLocalDataStore.h */,
				4081B5E11C5BC89D0023383E /* PRLocalDataStore.m */,
				40E3D5E71C6A33930070CE84 /* PRLocalDataStoreManager.h */,
				40E3D5E81C6A33930070CE84 /* PRLocalDataStoreManager.m */,
			);
			path = DataBase;
			sourceTree = "<group>";
		};
		40BD1EFD1C2C0E3A00828FD1 /* Auth */ = {
			isa = PBXGroup;
			children = (
				40BD1EFE1C2C0E5900828FD1 /* Protocols */,
				40F65D9D1C33D6B200846449 /* PRLoginViewInteractor.h */,
				40F65D9E1C33D6B200846449 /* PRLoginViewInteractor.m */,
				40F65DA01C33D6DC00846449 /* PRRegistrationViewInteractor.h */,
				40F65DA11C33D6DC00846449 /* PRRegistrationViewInteractor.m */,
				40F65DA31C33D7B700846449 /* PRRestoreAccountInteractor.h */,
				40F65DA41C33D7B700846449 /* PRRestoreAccountInteractor.m */,
			);
			path = Auth;
			sourceTree = "<group>";
		};
		40BD1EFE1C2C0E5900828FD1 /* Protocols */ = {
			isa = PBXGroup;
			children = (
				40BD1EFF1C2C0E8700828FD1 /* RPLoginViewInteractorProtocol.h */,
				40BD1F001C2C0EAC00828FD1 /* RPRegistrationViewInteractorProtocol.h */,
				40BD1F011C2C0EE100828FD1 /* PRRestoreAccountViewInteractorProtocol.h */,
			);
			path = Protocols;
			sourceTree = "<group>";
		};
		40BD1F021C2C127500828FD1 /* Helpers */ = {
			isa = PBXGroup;
			children = (
				40646F091C64BE4600EBA618 /* Social */,
				4081B5AD1C5B62210023383E /* ImagePresenter */,
				40CFE8871C5687610065017C /* ActionSheetPicker */,
				40BD1F031C2C143500828FD1 /* LockActivityIndicator */,
				40F65D971C33C6C900846449 /* PREmailValidator.h */,
				40F65D981C33C6C900846449 /* PREmailValidator.m */,
				400517441C3C171B00FBFE11 /* PRErrorDescriptor.h */,
				400517451C3C171B00FBFE11 /* PRErrorDescriptor.m */,
				400517471C3C19A900FBFE11 /* PRAlertHelper.h */,
				400517481C3C19A900FBFE11 /* PRAlertHelper.m */,
				404D334D1C539EF500C4735E /* PRLocationManager.h */,
				404D334E1C539EF500C4735E /* PRLocationManager.m */,
				40CFE8921C57A5620065017C /* PRThumbnailMaker.h */,
				40CFE8931C57A5620065017C /* PRThumbnailMaker.m */,
			);
			path = Helpers;
			sourceTree = "<group>";
		};
		40BD1F031C2C143500828FD1 /* LockActivityIndicator */ = {
			isa = PBXGroup;
			children = (
				40BD1F041C2C16F500828FD1 /* PRLockActivity.h */,
				40BD1F051C2C16F500828FD1 /* PRLockActivity.m */,
				40BD1F091C2C1FB200828FD1 /* PRLockActivity.xib */,
				40FF1A061C4393D4005A14BE /* PRScreenLock.h */,
				40FF1A071C4393D4005A14BE /* PRScreenLock.m */,
			);
			path = LockActivityIndicator;
			sourceTree = "<group>";
		};
		40C161D91C44E85E00E1E6F5 /* Content */ = {
			isa = PBXGroup;
			children = (
				4073DFCE1C5640D500D46C8E /* Details */,
				404D333B1C51356500C4735E /* Map */,
				404D33271C4FBB7000C4735E /* Protocols */,
				404D331E1C4FB6E400C4735E /* Menu */,
				40C161DA1C44E8DA00E1E6F5 /* PRContentViewController.h */,
				40C161DB1C44E8DA00E1E6F5 /* PRContentViewController.m */,
				40FC3EB51C5A495D00C528E9 /* PRContentViewCell.h */,
				40FC3EB61C5A495D00C528E9 /* PRContentViewCell.m */,
			);
			path = Content;
			sourceTree = "<group>";
		};
		40C161DD1C451BD500E1E6F5 /* Content */ = {
			isa = PBXGroup;
			children = (
				4073DFD81C56432E00D46C8E /* Details */,
				404D333F1C5135E500C4735E /* Map */,
				404D33221C4FB7F800C4735E /* Menu */,
				40C161DE1C451BF100E1E6F5 /* Protocols */,
				40C161E01C451D3600E1E6F5 /* PRContentViewInteractor.h */,
				40C161E11C451D3600E1E6F5 /* PRContentViewInteractor.m */,
			);
			path = Content;
			sourceTree = "<group>";
		};
		40C161DE1C451BF100E1E6F5 /* Protocols */ = {
			isa = PBXGroup;
			children = (
				40C161DF1C451C4400E1E6F5 /* PRContentViewInteractorProtocol.h */,
				404D33231C4FBA4500C4735E /* PRMenuViewInteractorProtocol.h */,
				404D33291C4FBC0C00C4735E /* PRMenuInteractorDelegateProtocol.h */,
				404D33431C51363A00C4735E /* PRMapViewInteractorProtocol.h */,
				404D33491C52619C00C4735E /* PRMapInteractorDelegate.h */,
			);
			path = Protocols;
			sourceTree = "<group>";
		};
		40C161E31C4528EC00E1E6F5 /* Categories */ = {
			isa = PBXGroup;
			children = (
				40C161E41C45293200E1E6F5 /* PRRemoteCategory.h */,
				40C161E51C45293200E1E6F5 /* PRRemoteCategory.m */,
			);
			path = Categories;
			sourceTree = "<group>";
		};
		40CFE8871C5687610065017C /* ActionSheetPicker */ = {
			isa = PBXGroup;
			children = (
				40CFE88A1C5688D20065017C /* PRActionSheetPickerView.xib */,
				40CFE88C1C5688F70065017C /* PRActionSheetPickerView.h */,
				40CFE88D1C5688F70065017C /* PRActionSheetPickerView.m */,
				40CFE88F1C5763110065017C /* PRPickerViewPresenter.h */,
				40CFE8901C5763110065017C /* PRPickerViewPresenter.m */,
			);
			path = ActionSheetPicker;
			sourceTree = "<group>";
		};
		40CFE8951C57B12B0065017C /* Articles */ = {
			isa = PBXGroup;
			children = (
				40E1CBAB1C5F4989002EFF72 /* Article+CoreDataProperties.h */,
				40E1CBAC1C5F4989002EFF72 /* Article+CoreDataProperties.m */,
				40E1CBAD1C5F4989002EFF72 /* Article.h */,
				40E1CBAE1C5F4989002EFF72 /* Article.m */,
				40CFE8961C57B1D00065017C /* PRLocalNewArticle.h */,
				40CFE8971C57B1D00065017C /* PRLocalNewArticle.m */,
				40FC3EAB1C5A04D400C528E9 /* PRLocalArticle.h */,
				40FC3EAC1C5A04D400C528E9 /* PRLocalArticle.m */,
				40E233511C60DECF00DC605A /* PRArticleCollection.h */,
				40E233521C60DECF00DC605A /* PRArticleCollection.m */,
			);
			path = Articles;
			sourceTree = "<group>";
		};
		40E1CB661C5F46F5002EFF72 /* User */ = {
			isa = PBXGroup;
			children = (
				40E1CBA71C5F4989002EFF72 /* User+CoreDataProperties.h */,
				40E1CBA81C5F4989002EFF72 /* User+CoreDataProperties.m */,
				40E1CBA91C5F4989002EFF72 /* User.h */,
				40E1CBAA1C5F4989002EFF72 /* User.m */,
			);
			path = User;
			sourceTree = "<group>";
		};
		40E6B9B21C297EAA0083A449 = {
			isa = PBXGroup;
			children = (
				404D33441C51439D00C4735E /* MapKit.framework */,
				40E6B9BD1C297EAA0083A449 /* Pulsar */,
				40E6B9BC1C297EAA0083A449 /* Products */,
			);
			sourceTree = "<group>";
		};
		40E6B9BC1C297EAA0083A449 /* Products */ = {
			isa = PBXGroup;
			children = (
				40E6B9BB1C297EAA0083A449 /* Pulsar.app */,
			);
			name = Products;
			sourceTree = "<group>";
		};
		40E6B9BD1C297EAA0083A449 /* Pulsar */ = {
			isa = PBXGroup;
			children = (
				40BD1F021C2C127500828FD1 /* Helpers */,
				40E6B9DB1C298E2B0083A449 /* Model */,
				40E6B9DA1C2987890083A449 /* Interactor */,
				40E6B9D91C2985BD0083A449 /* View */,
				40E6B9D51C29808B0083A449 /* Controller */,
				40E6B9C11C297EAA0083A449 /* AppDelegate.h */,
				40E6B9C21C297EAA0083A449 /* AppDelegate.m */,
				40E6B9CA1C297EAA0083A449 /* Assets.xcassets */,
				40E6B9CF1C297EAA0083A449 /* Info.plist */,
				40E6B9BE1C297EAA0083A449 /* Supporting Files */,
				40BD1F111C2C416300828FD1 /* PRConstants.h */,
				40BD1F121C2C429E00828FD1 /* PRMacros.h */,
			);
			path = Pulsar;
			sourceTree = "<group>";
		};
		40E6B9BE1C297EAA0083A449 /* Supporting Files */ = {
			isa = PBXGroup;
			children = (
				40E6B9BF1C297EAA0083A449 /* main.m */,
			);
			name = "Supporting Files";
			sourceTree = "<group>";
		};
		40E6B9D51C29808B0083A449 /* Controller */ = {
			isa = PBXGroup;
			children = (
				4073DFCA1C56406700D46C8E /* Creation */,
				40C161D91C44E85E00E1E6F5 /* Content */,
				40E6B9DC1C2995200083A449 /* Auth */,
				40E6B9D61C2981610083A449 /* PRRootViewController.h */,
				40E6B9D71C2981610083A449 /* PRRootViewController.m */,
				40F65D9A1C33CE0700846449 /* PRConfigurator.h */,
				40F65D9B1C33CE0700846449 /* PRConfigurator.m */,
				400517411C3BE70200FBFE11 /* PRLaunchScreenViewController.h */,
				400517421C3BE70200FBFE11 /* PRLaunchScreenViewController.m */,
			);
			path = Controller;
			sourceTree = "<group>";
		};
		40E6B9D91C2985BD0083A449 /* View */ = {
			isa = PBXGroup;
			children = (
				40E6B9C71C297EAA0083A449 /* Main.storyboard */,
			);
			path = View;
			sourceTree = "<group>";
		};
		40E6B9DA1C2987890083A449 /* Interactor */ = {
			isa = PBXGroup;
			children = (
				4073DFD21C5641D700D46C8E /* Creation */,
				40C161DD1C451BD500E1E6F5 /* Content */,
				40BD1EFD1C2C0E3A00828FD1 /* Auth */,
				40C630E51C735431003E2A20 /* PRRootInteractorProtocol.h */,
				40C630E61C7363E8003E2A20 /* PRRootInteractor.h */,
				40C630E71C7363E8003E2A20 /* PRRootInteractor.m */,
			);
			path = Interactor;
			sourceTree = "<group>";
		};
		40E6B9DB1C298E2B0083A449 /* Model */ = {
			isa = PBXGroup;
			children = (
				40F65DB21C34331D00846449 /* LocalModel */,
				40F65DB11C3432FE00846449 /* RemoteModel */,
				40F65DAF1C342CE500846449 /* Protocols */,
				40F65DA61C33FAA900846449 /* Network */,
				4005172C1C3A5FBB00FBFE11 /* PRDataProvider.h */,
				4005172D1C3A5FBB00FBFE11 /* PRDataProvider.m */,
				40C630E91C748E38003E2A20 /* PRUploadImageManager.h */,
				40C630EA1C748E38003E2A20 /* PRUploadImageManager.m */,
			);
			path = Model;
			sourceTree = "<group>";
		};
		40E6B9DC1C2995200083A449 /* Auth */ = {
			isa = PBXGroup;
			children = (
				40E6B9DD1C2995760083A449 /* PRLoginViewController.h */,
				40E6B9DE1C2995760083A449 /* PRLoginViewController.m */,
				40E6B9E01C2995DF0083A449 /* PRRestoreAccountViewController.h */,
				40E6B9E11C2995DF0083A449 /* PRRestoreAccountViewController.m */,
				40E6B9E31C29964C0083A449 /* PRRegistrationViewController.h */,
				40E6B9E41C29964C0083A449 /* PRRegistrationViewController.m */,
				40BD1F0E1C2C332500828FD1 /* PRRootLoginViewController.h */,
				40BD1F0F1C2C332500828FD1 /* PRRootLoginViewController.m */,
			);
			path = Auth;
			sourceTree = "<group>";
		};
		40F65DA61C33FAA900846449 /* Network */ = {
			isa = PBXGroup;
			children = (
				40F65DA71C33FB0400846449 /* PRNetworkDataProvider.h */,
				40F65DA81C33FB0400846449 /* PRNetworkDataProvider.m */,
				40F65DAC1C3404B100846449 /* PRReachability.h */,
				40F65DAD1C3404B100846449 /* PRReachability.m */,
			);
			path = Network;
			sourceTree = "<group>";
		};
		40F65DAF1C342CE500846449 /* Protocols */ = {
			isa = PBXGroup;
			children = (
				40F65DB01C342D2C00846449 /* PRJsonCompatable.h */,
			);
			path = Protocols;
			sourceTree = "<group>";
		};
		40F65DB11C3432FE00846449 /* RemoteModel */ = {
			isa = PBXGroup;
			children = (
				4073DFC61C56131300D46C8E /* Media */,
				4073DFC21C56126000D46C8E /* Article */,
				404D33331C51260900C4735E /* GeoPoint */,
				40C161E31C4528EC00E1E6F5 /* Categories */,
				4005173D1C3BAD3800FBFE11 /* TokenValidation */,
				400517391C3ACA4E00FBFE11 /* ResetPassword */,
				400517351C3ABF2B00FBFE11 /* Login */,
				40F65DB31C34348F00846449 /* Registration */,
				400517311C3A981000FBFE11 /* PRRemoteError.h */,
				400517321C3A981000FBFE11 /* PRRemoteError.m */,
				407B1C4F1C46A1A70071A123 /* PRRemoteResults.h */,
				407B1C501C46A1A70071A123 /* PRRemoteResults.m */,
				404D330F1C4E8CCB00C4735E /* PRRemotePointer.h */,
				404D33101C4E8CCB00C4735E /* PRRemotePointer.m */,
				404D33121C4E901D00C4735E /* PRRemoteQuery.h */,
				404D33131C4E901D00C4735E /* PRRemoteQuery.m */,
				404D33161C4F806400C4735E /* PRRemoteBatchRequestObject.h */,
				404D33171C4F806400C4735E /* PRRemoteBatchRequestObject.m */,
				404D334A1C52843200C4735E /* PRRemoteArray.h */,
				404D334B1C52843200C4735E /* PRRemoteArray.m */,
				40CFE8991C57B9930065017C /* PRRemoteUploadFileResponse.h */,
				40CFE89A1C57B9930065017C /* PRRemoteUploadFileResponse.m */,
			);
			path = RemoteModel;
			sourceTree = "<group>";
		};
		40F65DB21C34331D00846449 /* LocalModel */ = {
			isa = PBXGroup;
			children = (
				401B5DEA1C7491EE00ADCA9C /* UploadTask */,
				40E1CB661C5F46F5002EFF72 /* User */,
				4081B5B61C5BB1B90023383E /* DataBase */,
				40FC3EAE1C5A17A100C528E9 /* Media */,
				40CFE8951C57B12B0065017C /* Articles */,
				404D33371C5129A100C4735E /* GeoPoint */,
				404D33191C4FABC200C4735E /* Categories */,
			);
			path = LocalModel;
			sourceTree = "<group>";
		};
		40F65DB31C34348F00846449 /* Registration */ = {
			isa = PBXGroup;
			children = (
				40F65DB41C3434E000846449 /* PRRemoteRegistrationRequest.h */,
				40F65DB51C3434E000846449 /* PRRemoteRegistrationRequest.m */,
				40F65DB71C34353800846449 /* PRRemoteRegistrationResponse.h */,
				40F65DB81C34353800846449 /* PRRemoteRegistrationResponse.m */,
			);
			path = Registration;
			sourceTree = "<group>";
		};
		40FC3EAE1C5A17A100C528E9 /* Media */ = {
			isa = PBXGroup;
			children = (
				40E1CBC11C5F4D4C002EFF72 /* Media+CoreDataProperties.h */,
				40E1CBC21C5F4D4C002EFF72 /* Media+CoreDataProperties.m */,
				40E1CBC31C5F4D4C002EFF72 /* Media.h */,
				40E1CBC41C5F4D4C002EFF72 /* Media.m */,
				40FC3EAF1C5A17BB00C528E9 /* PRLocalMedia.h */,
				40FC3EB01C5A17BB00C528E9 /* PRLocalMedia.m */,
			);
			path = Media;
			sourceTree = "<group>";
		};
/* End PBXGroup section */

/* Begin PBXNativeTarget section */
		40E6B9BA1C297EAA0083A449 /* Pulsar */ = {
			isa = PBXNativeTarget;
			buildConfigurationList = 40E6B9D21C297EAA0083A449 /* Build configuration list for PBXNativeTarget "Pulsar" */;
			buildPhases = (
				40E6B9B71C297EAA0083A449 /* Sources */,
				40E6B9B81C297EAA0083A449 /* Frameworks */,
				40E6B9B91C297EAA0083A449 /* Resources */,
			);
			buildRules = (
			);
			dependencies = (
			);
			name = Pulsar;
			productName = Pulsar;
			productReference = 40E6B9BB1C297EAA0083A449 /* Pulsar.app */;
			productType = "com.apple.product-type.application";
		};
/* End PBXNativeTarget section */

/* Begin PBXProject section */
		40E6B9B31C297EAA0083A449 /* Project object */ = {
			isa = PBXProject;
			attributes = {
				CLASSPREFIX = PR;
				LastUpgradeCheck = 0720;
				ORGANIZATIONNAME = TAB;
				TargetAttributes = {
					40E6B9BA1C297EAA0083A449 = {
						CreatedOnToolsVersion = 7.2;
						SystemCapabilities = {
							com.apple.Maps.iOS = {
								enabled = 1;
							};
						};
					};
				};
			};
			buildConfigurationList = 40E6B9B61C297EAA0083A449 /* Build configuration list for PBXProject "Pulsar" */;
			compatibilityVersion = "Xcode 3.2";
			developmentRegion = English;
			hasScannedForEncodings = 0;
			knownRegions = (
				en,
				Base,
			);
			mainGroup = 40E6B9B21C297EAA0083A449;
			productRefGroup = 40E6B9BC1C297EAA0083A449 /* Products */;
			projectDirPath = "";
			projectRoot = "";
			targets = (
				40E6B9BA1C297EAA0083A449 /* Pulsar */,
			);
		};
/* End PBXProject section */

/* Begin PBXResourcesBuildPhase section */
		40E6B9B91C297EAA0083A449 /* Resources */ = {
			isa = PBXResourcesBuildPhase;
			buildActionMask = 2147483647;
			files = (
				40E6B9CB1C297EAA0083A449 /* Assets.xcassets in Resources */,
				40E6B9C91C297EAA0083A449 /* Main.storyboard in Resources */,
				40CFE88B1C5688D20065017C /* PRActionSheetPickerView.xib in Resources */,
				40BD1F0A1C2C1FB200828FD1 /* PRLockActivity.xib in Resources */,
				4081B5B21C5B62B30023383E /* PRImagePresenter.xib in Resources */,
			);
			runOnlyForDeploymentPostprocessing = 0;
		};
/* End PBXResourcesBuildPhase section */

/* Begin PBXSourcesBuildPhase section */
		40E6B9B71C297EAA0083A449 /* Sources */ = {
			isa = PBXSourcesBuildPhase;
			buildActionMask = 2147483647;
			files = (
				40E1CBB91C5F4989002EFF72 /* User+CoreDataProperties.m in Sources */,
				404D33211C4FB74E00C4735E /* PRMenuViewController.m in Sources */,
				40F65DA91C33FB0400846449 /* PRNetworkDataProvider.m in Sources */,
				40FC3EB71C5A495D00C528E9 /* PRContentViewCell.m in Sources */,
				404D33111C4E8CCB00C4735E /* PRRemotePointer.m in Sources */,
				40BD1F101C2C332500828FD1 /* PRRootLoginViewController.m in Sources */,
				4005173C1C3ACAA100FBFE11 /* PRRemoteResetPasswordRequest.m in Sources */,
				400517381C3ABFCB00FBFE11 /* PRRemoteLoginResponse.m in Sources */,
				40C630E81C7363E8003E2A20 /* PRRootInteractor.m in Sources */,
				404D33181C4F806400C4735E /* PRRemoteBatchRequestObject.m in Sources */,
				40FC3EB41C5A186F00C528E9 /* PRRemoteFile.m in Sources */,
				40E1CBBE1C5F4989002EFF72 /* GeoPoint.m in Sources */,
				40E6B9DF1C2995760083A449 /* PRLoginViewController.m in Sources */,
				40CFE88E1C5688F70065017C /* PRActionSheetPickerView.m in Sources */,
				404D331C1C4FAC0200C4735E /* PRLocalCategory.m in Sources */,
				404D334F1C539EF500C4735E /* PRLocationManager.m in Sources */,
				40F65D9F1C33D6B200846449 /* PRLoginViewInteractor.m in Sources */,
				40E1CBC51C5F4D4C002EFF72 /* Media+CoreDataProperties.m in Sources */,
				40F65D9C1C33CE0700846449 /* PRConfigurator.m in Sources */,
				40C161E21C451D3600E1E6F5 /* PRContentViewInteractor.m in Sources */,
				404D33421C51361400C4735E /* PRMapViewInteractor.m in Sources */,
				40CFE89E1C57CE280065017C /* PRUploadMediaOperation.m in Sources */,
				4073DFD11C56410500D46C8E /* PRDetailsViewController.m in Sources */,
				40E233531C60DECF00DC605A /* PRArticleCollection.m in Sources */,
				407B1C511C46A1A70071A123 /* PRRemoteResults.m in Sources */,
				404D333E1C5135AE00C4735E /* PRMapViewController.m in Sources */,
				4081B5B91C5BB55A0023383E /* PRDataModel.xcdatamodeld in Sources */,
				404D334C1C52843200C4735E /* PRRemoteArray.m in Sources */,
				401B5DE81C7491E500ADCA9C /* UploadTask+CoreDataProperties.m in Sources */,
				40FC3EAD1C5A04D400C528E9 /* PRLocalArticle.m in Sources */,
				40C161DC1C44E8DA00E1E6F5 /* PRContentViewController.m in Sources */,
				40DFE1461C623AF900334C45 /* InterestCategory.m in Sources */,
				40CFE8941C57A5620065017C /* PRThumbnailMaker.m in Sources */,
				40E6B9C31C297EAA0083A449 /* AppDelegate.m in Sources */,
				404D33321C50C8E100C4735E /* PRMenuLocationCell.m in Sources */,
				40BD1F061C2C16F500828FD1 /* PRLockActivity.m in Sources */,
				40E1CBBB1C5F4989002EFF72 /* Article+CoreDataProperties.m in Sources */,
				40CFE8911C5763110065017C /* PRPickerViewPresenter.m in Sources */,
				40CFE89B1C57B9930065017C /* PRRemoteUploadFileResponse.m in Sources */,
				40E1CBBC1C5F4989002EFF72 /* Article.m in Sources */,
				40CFE8981C57B1D00065017C /* PRLocalNewArticle.m in Sources */,
				404D33481C5222C900C4735E /* PRMapAnnotation.m in Sources */,
				404D33361C51266600C4735E /* PRRemoteGeoPoint.m in Sources */,
				40C630EB1C748E38003E2A20 /* PRUploadImageManager.m in Sources */,
				400517461C3C171B00FBFE11 /* PRErrorDescriptor.m in Sources */,
				40E1CBBA1C5F4989002EFF72 /* User.m in Sources */,
				4073DFC91C56135500D46C8E /* PRRemoteMedia.m in Sources */,
				40E1CBC61C5F4D4C002EFF72 /* Media.m in Sources */,
				404D33141C4E901D00C4735E /* PRRemoteQuery.m in Sources */,
				40E6B9D81C2981610083A449 /* PRRootViewController.m in Sources */,
				40E6B9C01C297EAA0083A449 /* main.m in Sources */,
				4081B5B51C5B93590023383E /* PRDetailsCollectionViewCell.m in Sources */,
				40FF1A081C4393D4005A14BE /* PRScreenLock.m in Sources */,
				40646F0C1C64BE7B00EBA618 /* PRSocialHelper.m in Sources */,
				40E3D5E91C6A33930070CE84 /* PRLocalDataStoreManager.m in Sources */,
				40FC3EB11C5A17BB00C528E9 /* PRLocalMedia.m in Sources */,
				4073DFC51C5612C400D46C8E /* PRRemotePublishedArticle.m in Sources */,
				40FC3EAA1C59FACA00C528E9 /* PRRemoteArticle.m in Sources */,
				4081B5B11C5B62B30023383E /* PRImagePresenter.m in Sources */,
				40E1CBBD1C5F4989002EFF72 /* GeoPoint+CoreDataProperties.m in Sources */,
				4073DFE01C566C5B00D46C8E /* PRCreationCollectionViewCell.m in Sources */,
				400517331C3A981000FBFE11 /* PRRemoteError.m in Sources */,
				40E6B9E21C2995DF0083A449 /* PRRestoreAccountViewController.m in Sources */,
				4005172E1C3A5FBB00FBFE11 /* PRDataProvider.m in Sources */,
				4073DFDD1C5643CA00D46C8E /* PRDetailsViewInteractor.m in Sources */,
				40F65DA21C33D6DC00846449 /* PRRegistrationViewInteractor.m in Sources */,
				40E6B9E51C29964C0083A449 /* PRRegistrationViewController.m in Sources */,
				404D33261C4FBA9300C4735E /* PRMenuViewInteractor.m in Sources */,
				400517491C3C19A900FBFE11 /* PRAlertHelper.m in Sources */,
				4073DFD71C5642E400D46C8E /* PRCreationViewInteractor.m in Sources */,
				404D333A1C5129E800C4735E /* PRLocalGeoPoint.m in Sources */,
				401B5DE91C7491E500ADCA9C /* UploadTask.m in Sources */,
				40F65DB91C34353800846449 /* PRRemoteRegistrationResponse.m in Sources */,
				404D332F1C50C8A200C4735E /* PRMenuCategoryCell.m in Sources */,
				40F65D991C33C6C900846449 /* PREmailValidator.m in Sources */,
				40F65DAE1C3404B100846449 /* PRReachability.m in Sources */,
				40F65DA51C33D7B700846449 /* PRRestoreAccountInteractor.m in Sources */,
				4073DFCD1C5640BB00D46C8E /* PRCreationViewController.m in Sources */,
				40DFE1451C623AF900334C45 /* InterestCategory+CoreDataProperties.m in Sources */,
				400517431C3BE70200FBFE11 /* PRLaunchScreenViewController.m in Sources */,
				40C161E61C45293200E1E6F5 /* PRRemoteCategory.m in Sources */,
				400517401C3BAD8000FBFE11 /* PRTokenValidationResponse.m in Sources */,
				4081B5E21C5BC89D0023383E /* PRLocalDataStore.m in Sources */,
				40F65DB61C3434E000846449 /* PRRemoteRegistrationRequest.m in Sources */,
			);
			runOnlyForDeploymentPostprocessing = 0;
		};
/* End PBXSourcesBuildPhase section */

/* Begin PBXVariantGroup section */
		40E6B9C71C297EAA0083A449 /* Main.storyboard */ = {
			isa = PBXVariantGroup;
			children = (
				40E6B9C81C297EAA0083A449 /* Base */,
			);
			name = Main.storyboard;
			path = ..;
			sourceTree = "<group>";
		};
/* End PBXVariantGroup section */

/* Begin XCBuildConfiguration section */
		40E6B9D01C297EAA0083A449 /* Debug */ = {
			isa = XCBuildConfiguration;
			buildSettings = {
				ALWAYS_SEARCH_USER_PATHS = NO;
				CLANG_CXX_LANGUAGE_STANDARD = "gnu++0x";
				CLANG_CXX_LIBRARY = "libc++";
				CLANG_ENABLE_MODULES = YES;
				CLANG_ENABLE_OBJC_ARC = YES;
				CLANG_WARN_BOOL_CONVERSION = YES;
				CLANG_WARN_CONSTANT_CONVERSION = YES;
				CLANG_WARN_DIRECT_OBJC_ISA_USAGE = YES_ERROR;
				CLANG_WARN_EMPTY_BODY = YES;
				CLANG_WARN_ENUM_CONVERSION = YES;
				CLANG_WARN_INT_CONVERSION = YES;
				CLANG_WARN_OBJC_ROOT_CLASS = YES_ERROR;
				CLANG_WARN_UNREACHABLE_CODE = YES;
				CLANG_WARN__DUPLICATE_METHOD_MATCH = YES;
				"CODE_SIGN_IDENTITY[sdk=iphoneos*]" = "iPhone Developer";
				COPY_PHASE_STRIP = NO;
				DEBUG_INFORMATION_FORMAT = dwarf;
				ENABLE_STRICT_OBJC_MSGSEND = YES;
				ENABLE_TESTABILITY = YES;
				GCC_C_LANGUAGE_STANDARD = gnu99;
				GCC_DYNAMIC_NO_PIC = NO;
				GCC_NO_COMMON_BLOCKS = YES;
				GCC_OPTIMIZATION_LEVEL = 0;
				GCC_PREPROCESSOR_DEFINITIONS = (
					"DEBUG=1",
					"$(inherited)",
				);
				GCC_WARN_64_TO_32_BIT_CONVERSION = YES;
				GCC_WARN_ABOUT_RETURN_TYPE = YES_ERROR;
				GCC_WARN_UNDECLARED_SELECTOR = YES;
				GCC_WARN_UNINITIALIZED_AUTOS = YES_AGGRESSIVE;
				GCC_WARN_UNUSED_FUNCTION = YES;
				GCC_WARN_UNUSED_VARIABLE = YES;
				IPHONEOS_DEPLOYMENT_TARGET = 9.2;
				MTL_ENABLE_DEBUG_INFO = YES;
				ONLY_ACTIVE_ARCH = YES;
				SDKROOT = iphoneos;
			};
			name = Debug;
		};
		40E6B9D11C297EAA0083A449 /* Release */ = {
			isa = XCBuildConfiguration;
			buildSettings = {
				ALWAYS_SEARCH_USER_PATHS = NO;
				CLANG_CXX_LANGUAGE_STANDARD = "gnu++0x";
				CLANG_CXX_LIBRARY = "libc++";
				CLANG_ENABLE_MODULES = YES;
				CLANG_ENABLE_OBJC_ARC = YES;
				CLANG_WARN_BOOL_CONVERSION = YES;
				CLANG_WARN_CONSTANT_CONVERSION = YES;
				CLANG_WARN_DIRECT_OBJC_ISA_USAGE = YES_ERROR;
				CLANG_WARN_EMPTY_BODY = YES;
				CLANG_WARN_ENUM_CONVERSION = YES;
				CLANG_WARN_INT_CONVERSION = YES;
				CLANG_WARN_OBJC_ROOT_CLASS = YES_ERROR;
				CLANG_WARN_UNREACHABLE_CODE = YES;
				CLANG_WARN__DUPLICATE_METHOD_MATCH = YES;
				"CODE_SIGN_IDENTITY[sdk=iphoneos*]" = "iPhone Developer";
				COPY_PHASE_STRIP = NO;
				DEBUG_INFORMATION_FORMAT = "dwarf-with-dsym";
				ENABLE_NS_ASSERTIONS = NO;
				ENABLE_STRICT_OBJC_MSGSEND = YES;
				GCC_C_LANGUAGE_STANDARD = gnu99;
				GCC_NO_COMMON_BLOCKS = YES;
				GCC_WARN_64_TO_32_BIT_CONVERSION = YES;
				GCC_WARN_ABOUT_RETURN_TYPE = YES_ERROR;
				GCC_WARN_UNDECLARED_SELECTOR = YES;
				GCC_WARN_UNINITIALIZED_AUTOS = YES_AGGRESSIVE;
				GCC_WARN_UNUSED_FUNCTION = YES;
				GCC_WARN_UNUSED_VARIABLE = YES;
				IPHONEOS_DEPLOYMENT_TARGET = 9.2;
				MTL_ENABLE_DEBUG_INFO = NO;
				SDKROOT = iphoneos;
				VALIDATE_PRODUCT = YES;
			};
			name = Release;
		};
		40E6B9D31C297EAA0083A449 /* Debug */ = {
			isa = XCBuildConfiguration;
			buildSettings = {
				ASSETCATALOG_COMPILER_APPICON_NAME = AppIcon;
				INFOPLIST_FILE = Pulsar/Info.plist;
				LD_RUNPATH_SEARCH_PATHS = "$(inherited) @executable_path/Frameworks";
				PRODUCT_BUNDLE_IDENTIFIER = com.instinctools.tests.Pulsar;
				PRODUCT_NAME = "$(TARGET_NAME)";
			};
			name = Debug;
		};
		40E6B9D41C297EAA0083A449 /* Release */ = {
			isa = XCBuildConfiguration;
			buildSettings = {
				ASSETCATALOG_COMPILER_APPICON_NAME = AppIcon;
				INFOPLIST_FILE = Pulsar/Info.plist;
				LD_RUNPATH_SEARCH_PATHS = "$(inherited) @executable_path/Frameworks";
				PRODUCT_BUNDLE_IDENTIFIER = com.instinctools.tests.Pulsar;
				PRODUCT_NAME = "$(TARGET_NAME)";
			};
			name = Release;
		};
/* End XCBuildConfiguration section */

/* Begin XCConfigurationList section */
		40E6B9B61C297EAA0083A449 /* Build configuration list for PBXProject "Pulsar" */ = {
			isa = XCConfigurationList;
			buildConfigurations = (
				40E6B9D01C297EAA0083A449 /* Debug */,
				40E6B9D11C297EAA0083A449 /* Release */,
			);
			defaultConfigurationIsVisible = 0;
			defaultConfigurationName = Release;
		};
		40E6B9D21C297EAA0083A449 /* Build configuration list for PBXNativeTarget "Pulsar" */ = {
			isa = XCConfigurationList;
			buildConfigurations = (
				40E6B9D31C297EAA0083A449 /* Debug */,
				40E6B9D41C297EAA0083A449 /* Release */,
			);
			defaultConfigurationIsVisible = 0;
			defaultConfigurationName = Release;
		};
/* End XCConfigurationList section */

/* Begin XCVersionGroup section */
		4081B5B71C5BB55A0023383E /* PRDataModel.xcdatamodeld */ = {
			isa = XCVersionGroup;
			children = (
				4081B5B81C5BB55A0023383E /* PRDataModel.xcdatamodel */,
			);
			currentVersion = 4081B5B81C5BB55A0023383E /* PRDataModel.xcdatamodel */;
			path = PRDataModel.xcdatamodeld;
			sourceTree = "<group>";
			versionGroupType = wrapper.xcdatamodel;
		};
/* End XCVersionGroup section */
	};
	rootObject = 40E6B9B31C297EAA0083A449 /* Project object */;
}
